# @generated - this file is auto-generated by `mise lock` https://mise.jdx.dev/dev-tools/mise-lock.html

lockfile_version = 2

[[tools."github:DevToys-app/DevToys"]]
version = "2.0.9.0"
backend = "github:DevToys-app/DevToys"
specifiers = ["2.0.9.0"]

[tools."github:DevToys-app/DevToys".options]
asset_pattern = "devtoys.cli_linux_x64_portable.zip"

[tools."github:DevToys-app/DevToys"."platforms.linux-x64"]
checksum = "sha256:08ea1db86f0e9bfd8e591cbeb2102a16e7213b4512de378ba1c06449cbd225af"
url = "https://github.com/DevToys-app/DevToys/releases/download/v2.0.9.0/devtoys.cli_linux_x64_portable.zip"
url_api = "https://api.github.com/repos/DevToys-app/DevToys/releases/assets/338070567"

[[tools."github:DevToys-app/DevToys"]]
version = "2.0.9.0"
backend = "github:DevToys-app/DevToys"
specifiers = ["2.0.9.0"]

[tools."github:DevToys-app/DevToys".options]
asset_pattern = "devtoys.cli_win_x64_portable.zip"

[tools."github:DevToys-app/DevToys"."platforms.windows-x64"]
checksum = "sha256:27327ad18c06d5bba4356f039c76203b0099f864d10f6de0d833225077dd310a"
url = "https://github.com/DevToys-app/DevToys/releases/download/v2.0.9.0/devtoys.cli_win_x64_portable.zip"
url_api = "https://api.github.com/repos/DevToys-app/DevToys/releases/assets/338071884"

[[tools."github:LogExperts/LogExpert"]]
version = "1.41.0"
backend = "github:LogExperts/LogExpert"
specifiers = ["1.41.0"]

[tools."github:LogExperts/LogExpert".options]
asset_pattern = "LogExpert.{version}.zip"

[tools."github:LogExperts/LogExpert"."platforms.linux-x64"]
checksum = "sha256:74524db34332aed480c5c631ca9023118140bc120075c1365ae6713620673c89"
url = "https://github.com/LogExperts/LogExpert/releases/download/v1.41.0/LogExpert.1.41.0.zip"
url_api = "https://api.github.com/repos/LogExperts/LogExpert/releases/assets/475521489"

[tools."github:LogExperts/LogExpert"."platforms.windows-x64"]
checksum = "sha256:74524db34332aed480c5c631ca9023118140bc120075c1365ae6713620673c89"
url = "https://github.com/LogExperts/LogExpert/releases/download/v1.41.0/LogExpert.1.41.0.zip"
url_api = "https://api.github.com/repos/LogExperts/LogExpert/releases/assets/475521489"

[[tools."github:can1357/oh-my-pi"]]
version = "18.6.1"
backend = "github:can1357/oh-my-pi"
specifiers = ["18.6.1"]

[tools."github:can1357/oh-my-pi"."platforms.linux-x64"]
checksum = "sha256:c92a6846d02984e84f07c6362d18add3783f528f494ffcf1e0f26e594f327463"
url = "https://github.com/can1357/oh-my-pi/releases/download/v18.6.1/omp-linux-x64"
url_api = "https://api.github.com/repos/can1357/oh-my-pi/releases/assets/610156065"

[tools."github:can1357/oh-my-pi"."platforms.windows-x64"]
checksum = "sha256:df10906c558ca188aa044c1c2bf27775693cbcf0aea8f16597dcd6949e0d1a1a"
url = "https://github.com/can1357/oh-my-pi/releases/download/v18.6.1/omp-windows-x64.exe"
url_api = "https://api.github.com/repos/can1357/oh-my-pi/releases/assets/610156062"

[[tools."github:carapace-sh/carapace-bin"]]
version = "1.8.0"
backend = "github:carapace-sh/carapace-bin"
specifiers = ["1.8.0"]

[tools."github:carapace-sh/carapace-bin".options]
asset_pattern = "carapace-bin_{version}_windows_amd64.zip"

[tools."github:carapace-sh/carapace-bin"."platforms.linux-x64"]
checksum = "sha256:ee5ba25180a8929e34c5b7f4aa20f898369c31c5e5939f68819cda0da1959762"
url = "https://github.com/carapace-sh/carapace-bin/releases/download/v1.8.0/carapace-bin_1.8.0_windows_amd64.zip"
url_api = "https://api.github.com/repos/carapace-sh/carapace-bin/releases/assets/589311077"

[tools."github:carapace-sh/carapace-bin"."platforms.windows-x64"]
checksum = "sha256:ee5ba25180a8929e34c5b7f4aa20f898369c31c5e5939f68819cda0da1959762"
url = "https://github.com/carapace-sh/carapace-bin/releases/download/v1.8.0/carapace-bin_1.8.0_windows_amd64.zip"
url_api = "https://api.github.com/repos/carapace-sh/carapace-bin/releases/assets/589311077"

[[tools."github:dnGrep/dnGrep"]]
version = "5.0.30.0"
backend = "github:dnGrep/dnGrep"
specifiers = ["5.0.30.0"]

[tools."github:dnGrep/dnGrep".options]
asset_pattern = "dnGrep.{version}.x64.zip"

[tools."github:dnGrep/dnGrep"."platforms.linux-x64"]
checksum = "sha256:27e79603d8a743e16ab97aa4b83b50a56061faa9c79b68bfe13b64ba9c45bd32"
url = "https://github.com/dnGrep/dnGrep/releases/download/v5.0.30.0/dnGrep.5.0.30.0.x64.zip"
url_api = "https://api.github.com/repos/dnGrep/dnGrep/releases/assets/477232224"

[tools."github:dnGrep/dnGrep"."platforms.windows-x64"]
checksum = "sha256:27e79603d8a743e16ab97aa4b83b50a56061faa9c79b68bfe13b64ba9c45bd32"
url = "https://github.com/dnGrep/dnGrep/releases/download/v5.0.30.0/dnGrep.5.0.30.0.x64.zip"
url_api = "https://api.github.com/repos/dnGrep/dnGrep/releases/assets/477232224"

[[tools."github:pwndbg/pwndbg"]]
version = "2026.09.15"
backend = "github:pwndbg/pwndbg"
specifiers = ["2026.09.15"]

[tools."github:pwndbg/pwndbg".options]
asset_pattern = "pwndbg_{version}_x86_64-portable.tar.xz"
version_prefix = ""

[tools."github:pwndbg/pwndbg"."platforms.linux-x64"]
checksum = "sha256:7ba64666ee595885ba4b0e073f85e423829103e9fdbe921ba4eef1acd9150803"
url = "https://github.com/pwndbg/pwndbg/releases/download/2026.09.15/pwndbg_2026.09.15_x86_64-portable.tar.xz"
url_api = "https://api.github.com/repos/pwndbg/pwndbg/releases/assets/566633367"
provenance = "github-attestations"

[tools."github:pwndbg/pwndbg"."platforms.windows-x64"]
checksum = "sha256:7ba64666ee595885ba4b0e073f85e423829103e9fdbe921ba4eef1acd9150803"
url = "https://github.com/pwndbg/pwndbg/releases/download/2026.09.15/pwndbg_2026.09.15_x86_64-portable.tar.xz"
url_api = "https://api.github.com/repos/pwndbg/pwndbg/releases/assets/566633367"
provenance = "github-attestations"

[[tools."github:ryanoasis/nerd-fonts"]]
version = "3.5.1"
backend = "github:ryanoasis/nerd-fonts"
specifiers = ["3.5.1"]

[tools."github:ryanoasis/nerd-fonts".options]
asset_pattern = "JetBrainsMono.tar.xz"

[tools."github:ryanoasis/nerd-fonts"."platforms.linux-x64"]
checksum = "sha256:04d5e8f903693f9dd13e16f867e994834e681eb3c72c0d337a770dcda09010cf"
url = "https://github.com/ryanoasis/nerd-fonts/releases/download/v3.5.1/JetBrainsMono.tar.xz"
url_api = "https://api.github.com/repos/ryanoasis/nerd-fonts/releases/assets/523475208"

[tools."github:ryanoasis/nerd-fonts"."platforms.windows-x64"]
checksum = "sha256:04d5e8f903693f9dd13e16f867e994834e681eb3c72c0d337a770dcda09010cf"
url = "https://github.com/ryanoasis/nerd-fonts/releases/download/v3.5.1/JetBrainsMono.tar.xz"
url_api = "https://api.github.com/repos/ryanoasis/nerd-fonts/releases/assets/523475208"

[[tools.go]]
version = "1.27.1"
backend = "core:go"
specifiers = ["1.27.1"]

[tools.go."platforms.linux-x64"]
checksum = "sha256:63d339f0da5ab53635a56f2490a7984dfe12dfcff22ad749f63edaf590168445"
url = "https://dl.google.com/go/go1.27.1.linux-amd64.tar.gz"

[tools.go."platforms.windows-x64"]
checksum = "sha256:a3911b5e0e1b1053f25ed0675f4c1c6aad1e2bfcf253df2b9be4caabd2edd95d"
url = "https://dl.google.com/go/go1.27.1.windows-amd64.zip"

[[tools."go:golang.org/x/tools/gopls"]]
version = "0.23.0"
backend = "go:golang.org/x/tools/gopls"
specifiers = ["0.23.0"]

[[tools.herdr]]
version = "0.9.3"
backend = "aqua:herdrdev/herdr"
specifiers = ["0.9.3"]

[tools.herdr."platforms.linux-x64"]
checksum = "sha256:18a8dc65f1c2fa485884344356dea1cfd911c6f06cf46fa78e193f4087f4dba7"
url = "https://github.com/herdrdev/herdr/releases/download/v0.9.3/herdr-linux-x86_64"
url_api = "https://api.github.com/repos/herdrdev/herdr/releases/assets/599036383"

[tools.herdr."platforms.windows-x64"]
checksum = "sha256:c75b1fa49f7a3ba4b8b11789912a6147e4214a3b6fd3556d0f80076c8887d795"
url = "https://github.com/herdrdev/herdr/releases/download/v0.9.3/herdr-windows-x86_64.zip"
url_api = "https://api.github.com/repos/herdrdev/herdr/releases/assets/599036387"

[[tools.lua-language-server]]
version = "3.19.1"
backend = "aqua:LuaLS/lua-language-server"
specifiers = ["3.19.1"]

[tools.lua-language-server."platforms.linux-x64"]
checksum = "sha256:e9235d2d72ef55bc41cf8c99cda2ed64777682024b4bb81f5dea425060c5cbb8"
url = "https://github.com/LuaLS/lua-language-server/releases/download/3.19.1/lua-language-server-3.19.1-linux-x64.tar.gz"
url_api = "https://api.github.com/repos/LuaLS/lua-language-server/releases/assets/513572259"

[tools.lua-language-server."platforms.windows-x64"]
checksum = "sha256:fdb9a59108cf62517813c97fa5549b0e16d1ef0688306bac728b08434db7e4cd"
url = "https://github.com/LuaLS/lua-language-server/releases/download/3.19.1/lua-language-server-3.19.1-win32-x64.zip"
url_api = "https://api.github.com/repos/LuaLS/lua-language-server/releases/assets/513572668"

[[tools.node]]
version = "26.10.0"
backend = "core:node"
specifiers = ["26.10.0"]

[tools.node."platforms.linux-x64"]
checksum = "sha256:cb5c9ce9c80d7b8821e3a258543c71b939138cf17c74d5cc44bbe85d6dbc5ad8"
url = "https://nodejs.org/dist/v26.10.0/node-v26.10.0-linux-x64.tar.gz"

[tools.node."platforms.windows-x64"]
checksum = "sha256:9fef7eca6743a6b910989cd8e78712376b394fcb9b6e1e9c44a0799a287f90c5"
url = "https://nodejs.org/dist/v26.10.0/node-v26.10.0-win-x64.zip"

[[tools."npm:ccstatusline"]]
version = "2.2.30"
aube = { path = "locks/mise.owned/npm-ccstatusline/2.2.30", digest = "sha256:df2c07c76c465a27faaae3a947d2eeb3ac2ecf3638f2ee82b878c3676638b79c" }
backend = "npm:ccstatusline"
specifiers = ["2.2.30"]

[[tools.nushell]]
version = "0.113.1"
backend = "aqua:nushell/nushell"
specifiers = ["0.113.1"]

[tools.nushell."platforms.linux-x64"]
checksum = "sha256:9008d309aaa35e29ed5d5985306a83e2bf5093e31677d4cd969914552d12b8fb"
url = "https://github.com/nushell/nushell/releases/download/0.113.1/nu-0.113.1-x86_64-unknown-linux-gnu.tar.gz"
url_api = "https://api.github.com/repos/nushell/nushell/releases/assets/433380313"

[tools.nushell."platforms.windows-x64"]
checksum = "sha256:fd3e56dac9f866d2d3fe2fabd6580c14371afdcec9ddda54624a50986d36b3d2"
url = "https://github.com/nushell/nushell/releases/download/0.113.1/nu-0.113.1-x86_64-pc-windows-msvc.zip"
url_api = "https://api.github.com/repos/nushell/nushell/releases/assets/433389998"

[[tools.opencode]]
version = "1.18.34"
backend = "aqua:anomalyco/opencode"
specifiers = ["1.18.34"]

[tools.opencode."platforms.linux-x64"]
checksum = "sha256:0f22479647226d1d2dd99595d20082ee7bda3870b62dc6a90b41efc1a71d7e9a"
url = "https://github.com/anomalyco/opencode/releases/download/v1.18.34/opencode-linux-x64.tar.gz"
url_api = "https://api.github.com/repos/anomalyco/opencode/releases/assets/601903965"

[tools.opencode."platforms.windows-x64"]
checksum = "sha256:8ec42ed1ad8db108052394b83ab69d0331398f761fbfff5fe50f91d65bdd3548"
url = "https://github.com/anomalyco/opencode/releases/download/v1.18.34/opencode-windows-x64.zip"
url_api = "https://api.github.com/repos/anomalyco/opencode/releases/assets/601908697"

[[tools."pypi:basedpyright"]]
version = "1.40.2"
backend = "pypi:basedpyright"
specifiers = ["1.40.2"]
uv = { path = "locks/mise.owned/pypi-basedpyright/1.40.2", digest = "sha256:b7c65a691c2e44b4b4ca822639ba44ebae1c2fc9aeeba6b538bb8eb5689d7e31" }
