# @generated - this file is auto-generated by `mise lock` https://mise.jdx.dev/dev-tools/mise-lock.html

lockfile_version = 2

[[tools.age]]
version = "1.3.2"
backend = "aqua:FiloSottile/age"
specifiers = ["1.3.2"]

[tools.age."platforms.linux-x64"]
checksum = "sha256:cbe24006683f8eb669266162894b9a522a1af52f2665fbc63a4bb032ed26ac10"
url = "https://github.com/FiloSottile/age/releases/download/v1.3.2/age-v1.3.2-linux-amd64.tar.gz"
url_api = "https://api.github.com/repos/FiloSottile/age/releases/assets/535541903"
provenance = "github-attestations"

[[tools.ast-grep]]
version = "0.45.3"
backend = "aqua:ast-grep/ast-grep"
specifiers = ["0.45.3"]

[tools.ast-grep."platforms.linux-x64"]
checksum = "sha256:f8ac830881339d1edee6b2652f54798c0f4da5a827f2db38a08ee31117783ce8"
url = "https://github.com/ast-grep/ast-grep/releases/download/0.45.3/app-x86_64-unknown-linux-gnu.zip"
url_api = "https://api.github.com/repos/ast-grep/ast-grep/releases/assets/537332692"

[[tools.bat]]
version = "0.26.1"
backend = "aqua:sharkdp/bat"
specifiers = ["0.26.1"]

[tools.bat."platforms.linux-x64"]
checksum = "sha256:726f04c8f576a7fd18b7634f1bbf2f915c43494c1c0f013baa3287edb0d5a2a3"
url = "https://github.com/sharkdp/bat/releases/download/v0.26.1/bat-v0.26.1-x86_64-unknown-linux-gnu.tar.gz"
url_api = "https://api.github.com/repos/sharkdp/bat/releases/assets/323549181"

[[tools.bottom]]
version = "0.14.9"
backend = "aqua:ClementTsang/bottom"
specifiers = ["0.14.9"]

[tools.bottom."platforms.linux-x64"]
checksum = "sha256:e0c325829e8bdcea25a8a7651da05dbb6f1fc109ac5d2f0187867d3d5d9c0df8"
url = "https://github.com/ClementTsang/bottom/releases/download/0.14.9/bottom_x86_64-unknown-linux-gnu.tar.gz"
url_api = "https://api.github.com/repos/ClementTsang/bottom/releases/assets/531978159"
provenance = "github-attestations"

[[tools.btop]]
version = "1.4.7"
backend = "aqua:aristocratos/btop"
specifiers = ["1.4.7"]

[tools.btop."platforms.linux-x64"]
checksum = "sha256:5099054dd6a101bd12eb6ff3702a9a6a3f57aaa27923a0da478ae5b517faf335"
url = "https://github.com/aristocratos/btop/releases/download/v1.4.7/btop-x86_64-unknown-linux-musl.tar.gz"
url_api = "https://api.github.com/repos/aristocratos/btop/releases/assets/409963672"

[[tools.cheat]]
version = "5.1.0"
backend = "aqua:cheat/cheat"
specifiers = ["5.1.0"]

[tools.cheat."platforms.linux-x64"]
checksum = "sha256:8c8405574d51d63ee89594bfed241f478d507d96af78e5c370dcbe65633d7b34"
url = "https://github.com/cheat/cheat/releases/download/5.1.0/cheat-linux-amd64.gz"
url_api = "https://api.github.com/repos/cheat/cheat/releases/assets/356479028"

[[tools.croc]]
version = "11.5.3"
backend = "aqua:schollz/croc"
specifiers = ["11.5.3"]

[tools.croc."platforms.linux-x64"]
checksum = "sha256:73b44449937a3f656571c4f016cb2fd0e722544568d7a17dcc3b82475ad250ad"
url = "https://github.com/schollz/croc/releases/download/v11.5.3/croc_v11.5.3_Linux-64bit.tar.gz"
url_api = "https://api.github.com/repos/schollz/croc/releases/assets/561827361"

[[tools.ctop]]
version = "0.7.7"
backend = "aqua:bcicen/ctop"
specifiers = ["0.7.7"]

[tools.ctop."platforms.linux-x64"]
checksum = "sha256:b78374734ebe3d14b6edee3d5512c911c250d7fa7f3f964cb00acd3bc5a02a09"
url = "https://github.com/bcicen/ctop/releases/download/v0.7.7/ctop-0.7.7-linux-amd64"
url_api = "https://api.github.com/repos/bcicen/ctop/releases/assets/60241476"

[[tools.delta]]
version = "0.19.2"
backend = "aqua:dandavison/delta"
specifiers = ["0.19.2"]

[tools.delta."platforms.linux-x64"]
checksum = "sha256:8e695c5f586a8c53d6c3b01be0b4a422ed218bfed2a56191caebe373a1c18ab2"
url = "https://github.com/dandavison/delta/releases/download/0.19.2/delta-0.19.2-x86_64-unknown-linux-gnu.tar.gz"
url_api = "https://api.github.com/repos/dandavison/delta/releases/assets/383662069"

[[tools.dive]]
version = "0.13.1"
backend = "aqua:wagoodman/dive"
specifiers = ["0.13.1"]

[tools.dive."platforms.linux-x64"]
checksum = "sha256:0970549eb4a306f8825a84145a2534153badb4d7dcf3febd1967c706367c3d0e"
url = "https://github.com/wagoodman/dive/releases/download/v0.13.1/dive_0.13.1_linux_amd64.tar.gz"
url_api = "https://api.github.com/repos/wagoodman/dive/releases/assets/241842462"

[[tools.doggo]]
version = "1.4.0"
backend = "aqua:mr-karan/doggo"
specifiers = ["1.4.0"]

[tools.doggo."platforms.linux-x64"]
checksum = "sha256:f85e2471737677a5fa65491b4241e0f46960aae6cc2211cc660ee6394a1a3d06"
url = "https://github.com/mr-karan/doggo/releases/download/v1.4.0/doggo-linux-x86_64.tar.gz"
url_api = "https://api.github.com/repos/mr-karan/doggo/releases/assets/539320012"

[[tools.dust]]
version = "1.2.6"
backend = "aqua:bootandy/dust"
specifiers = ["1.2.6"]

[tools.dust."platforms.linux-x64"]
checksum = "sha256:14f788707aad217667f6812cf1a9639bf5c861a2ee815d486cffc36051f5e759"
url = "https://github.com/bootandy/dust/releases/download/v1.2.6/dust-v1.2.6-x86_64-unknown-linux-gnu.tar.gz"
url_api = "https://api.github.com/repos/bootandy/dust/releases/assets/568852367"

[[tools.eza]]
version = "0.23.5"
backend = "aqua:eza-community/eza"
specifiers = ["0.23.5"]

[tools.eza."platforms.linux-x64"]
checksum = "sha256:35c70c5c43c29108075e58b893234c67ef585f0b53a7eaf8e9e7d4eec9f339b4"
url = "https://github.com/eza-community/eza/releases/download/v0.23.5/eza_x86_64-unknown-linux-gnu.tar.gz"
url_api = "https://api.github.com/repos/eza-community/eza/releases/assets/471228887"

[[tools.fd]]
version = "10.5.0"
backend = "aqua:sharkdp/fd"
specifiers = ["10.5.0"]

[tools.fd."platforms.linux-x64"]
checksum = "sha256:a1259cd129636efbc3fef123525c1b49e88fe5088c012630983c310e52fdfa95"
url = "https://github.com/sharkdp/fd/releases/download/v10.5.0/fd-v10.5.0-x86_64-unknown-linux-gnu.tar.gz"
url_api = "https://api.github.com/repos/sharkdp/fd/releases/assets/530481615"

[[tools.fx]]
version = "39.2.0"
backend = "aqua:antonmedv/fx"
specifiers = ["39.2.0"]

[tools.fx."platforms.linux-x64"]
checksum = "sha256:17ea6549c7cf0b8be5ec109d04da7fbf1d5de9f7b99d957a6215081933528afe"
url = "https://github.com/antonmedv/fx/releases/download/39.2.0/fx_linux_amd64"
url_api = "https://api.github.com/repos/antonmedv/fx/releases/assets/315468989"

[[tools.fzf]]
version = "0.74.4"
backend = "aqua:junegunn/fzf"
specifiers = ["0.74.4"]

[tools.fzf."platforms.linux-x64"]
checksum = "sha256:05e6813a337cc722c3ed07e54a764b75cc5d671e2e60459db0ba696ee5fa7504"
url = "https://github.com/junegunn/fzf/releases/download/v0.74.4/fzf-0.74.4-linux_amd64.tar.gz"
url_api = "https://api.github.com/repos/junegunn/fzf/releases/assets/558287768"

[[tools.gh]]
version = "2.98.0"
backend = "aqua:cli/cli"
specifiers = ["2.98.0"]

[tools.gh."platforms.linux-x64"]
checksum = "sha256:3b8ac6b30336802fc1a858d7c084e11cdf24ac1a761ca90b68022d7d729208de"
url = "https://github.com/cli/cli/releases/download/v2.98.0/gh_2.98.0_linux_amd64.tar.gz"
url_api = "https://api.github.com/repos/cli/cli/releases/assets/522857901"
provenance = "github-attestations"

[[tools."github:Canop/broot"]]
version = "1.60.1"
backend = "github:Canop/broot"
specifiers = ["1.60.1"]

[tools."github:Canop/broot".options]
asset_pattern = "broot_{version}.zip"

[tools."github:Canop/broot"."platforms.linux-x64"]
checksum = "sha256:de4a054424ac01ef73fb30c3b3fac0cda437e7426388085d7467b5e0aaa1cb55"
url = "https://github.com/Canop/broot/releases/download/v1.60.1/broot_1.60.1.zip"
url_api = "https://api.github.com/repos/Canop/broot/releases/assets/551127327"

[[tools."github:PaulJuliusMartinez/jless"]]
version = "0.9.0"
backend = "github:PaulJuliusMartinez/jless"
specifiers = ["0.9.0"]

[tools."github:PaulJuliusMartinez/jless".options]
asset_pattern = "jless-v{version}-x86_64-unknown-linux-gnu.zip"

[tools."github:PaulJuliusMartinez/jless"."platforms.linux-x64"]
checksum = "blake3:de2367ba74a0806fdeb7e117e13713a64e4bb2b8fb9a650b782668a0c8213cd9"
url = "https://github.com/PaulJuliusMartinez/jless/releases/download/v0.9.0/jless-v0.9.0-x86_64-unknown-linux-gnu.zip"
url_api = "https://api.github.com/repos/PaulJuliusMartinez/jless/releases/assets/117306822"

[[tools."github:Wilfred/difftastic"]]
version = "0.71.0"
backend = "github:Wilfred/difftastic"
specifiers = ["0.71.0"]

[tools."github:Wilfred/difftastic"."platforms.linux-x64"]
checksum = "sha256:61aea5394a53c56f144637cf39b3a0c0dafa27769731745e5851ff276e6478da"
url = "https://github.com/Wilfred/difftastic/releases/download/0.71.0/difft-0.71.0-x86_64-unknown-linux-gnu.tar.gz"
url_api = "https://api.github.com/repos/Wilfred/difftastic/releases/assets/573539079"

[[tools."github:YS-L/csvlens"]]
version = "0.15.1"
backend = "github:YS-L/csvlens"
specifiers = ["0.15.1"]

[tools."github:YS-L/csvlens".options]
asset_pattern = "csvlens-x86_64-unknown-linux-musl.tar.xz"

[tools."github:YS-L/csvlens"."platforms.linux-x64"]
checksum = "sha256:ab086b420e453618fd1544eb4e09cc98279e8570b739725592feb241cd1bef4b"
url = "https://github.com/YS-L/csvlens/releases/download/v0.15.1/csvlens-x86_64-unknown-linux-musl.tar.xz"
url_api = "https://api.github.com/repos/YS-L/csvlens/releases/assets/337979733"

[[tools."github:al13n321/nnd"]]
version = "0.80"
backend = "github:al13n321/nnd"
specifiers = ["0.80"]

[tools."github:al13n321/nnd".options]
asset_pattern = "nnd"

[tools."github:al13n321/nnd"."platforms.linux-x64"]
checksum = "sha256:0bec725a1a519d730d6a377c6fba08c90ccfe2ced99d31ab4b9572e2918af8fd"
url = "https://github.com/al13n321/nnd/releases/download/v0.80/nnd"
url_api = "https://api.github.com/repos/al13n321/nnd/releases/assets/470828150"

[[tools."github:alexpasmantier/television"]]
version = "0.15.9"
backend = "github:alexpasmantier/television"
specifiers = ["0.15.9"]

[tools."github:alexpasmantier/television".options]
asset_pattern = "tv-{version}-x86_64-unknown-linux-musl.tar.gz"

[tools."github:alexpasmantier/television"."platforms.linux-x64"]
checksum = "sha256:3410e34132f4e44fd439c711f08c15b3a21f51630657cb03f248b2c7aef3e29a"
url = "https://github.com/alexpasmantier/television/releases/download/0.15.9/tv-0.15.9-x86_64-unknown-linux-musl.tar.gz"
url_api = "https://api.github.com/repos/alexpasmantier/television/releases/assets/447569675"

[[tools."github:atuinsh/atuin"]]
version = "18.23.0"
backend = "github:atuinsh/atuin"
specifiers = ["18.23.0"]

[tools."github:atuinsh/atuin".options]
asset_pattern = "atuin-x86_64-unknown-linux-musl.tar.gz"

[tools."github:atuinsh/atuin"."platforms.linux-x64"]
checksum = "sha256:d1b40dd6e7cd3d823867ffe22b39a025bc420f7875926ae9ca974155378da14d"
url = "https://github.com/atuinsh/atuin/releases/download/v18.23.0/atuin-x86_64-unknown-linux-musl.tar.gz"
url_api = "https://api.github.com/repos/atuinsh/atuin/releases/assets/580134247"
provenance = "github-attestations"

[[tools."github:boyter/scc"]]
version = "4.1.0"
backend = "github:boyter/scc"
specifiers = ["4.1.0"]

[tools."github:boyter/scc".options]
asset_pattern = "scc_Linux_x86_64.tar.gz"

[tools."github:boyter/scc"."platforms.linux-x64"]
checksum = "sha256:c7328436d3027f4357d3d7853f7dc3ac2bbcb4ca08f1adad91a27c593884079b"
url = "https://github.com/boyter/scc/releases/download/v4.1.0/scc_Linux_x86_64.tar.gz"
url_api = "https://api.github.com/repos/boyter/scc/releases/assets/549478876"

[[tools."github:dalance/procs"]]
version = "0.14.12"
backend = "github:dalance/procs"
specifiers = ["0.14.12"]

[tools."github:dalance/procs".options]
asset_pattern = "procs-v{version}-x86_64-linux.zip"

[tools."github:dalance/procs"."platforms.linux-x64"]
checksum = "sha256:81964faf9d5cd0e9f399d5d0954fb6fe4d4d9f7d3cbec4507633df5a45b11713"
url = "https://github.com/dalance/procs/releases/download/v0.14.12/procs-v0.14.12-x86_64-linux.zip"
url_api = "https://api.github.com/repos/dalance/procs/releases/assets/457525859"

[[tools."github:dathere/qsv"]]
version = "23.0.1"
backend = "github:dathere/qsv"
specifiers = ["23.0.1"]

[tools."github:dathere/qsv".options]
asset_pattern = "qsv-{version}-x86_64-unknown-linux-musl.zip"

[tools."github:dathere/qsv"."platforms.linux-x64"]
checksum = "sha256:e4175df7ecb74b91b5b481ffb96f5adbd7e9ea129c1954bfb280b21cba325433"
url = "https://github.com/dathere/qsv/releases/download/23.0.1/qsv-23.0.1-x86_64-unknown-linux-musl.zip"
url_api = "https://api.github.com/repos/dathere/qsv/releases/assets/560347953"

[[tools."github:dj95/zjstatus"]]
version = "0.25.0"
backend = "github:dj95/zjstatus"
specifiers = ["0.25.0"]

[tools."github:dj95/zjstatus".options]
asset_pattern = "zjstatus.wasm"

[tools."github:dj95/zjstatus"."platforms.linux-x64"]
checksum = "sha256:282ceab219e56e1908c9fac33907241fe6c3e1ef7d85faab3e5f438cef87b8fe"
url = "https://github.com/dj95/zjstatus/releases/download/v0.25.0/zjstatus.wasm"
url_api = "https://api.github.com/repos/dj95/zjstatus/releases/assets/532710175"

[[tools."github:fastfetch-cli/fastfetch"]]
version = "2.68.1"
backend = "github:fastfetch-cli/fastfetch"
specifiers = ["2.68.1"]

[tools."github:fastfetch-cli/fastfetch".options]
asset_pattern = "fastfetch-linux-amd64-polyfilled.tar.gz"

[tools."github:fastfetch-cli/fastfetch"."platforms.linux-x64"]
checksum = "sha256:3eeaec3570dcfa53b4f3054cf1f735de62186fdfaf105aa69635e0805937ba85"
url = "https://github.com/fastfetch-cli/fastfetch/releases/download/2.68.1/fastfetch-linux-amd64-polyfilled.tar.gz"
url_api = "https://api.github.com/repos/fastfetch-cli/fastfetch/releases/assets/539503721"

[[tools."github:fujiapple852/trippy"]]
version = "0.13.0"
backend = "github:fujiapple852/trippy"
specifiers = ["0.13.0"]

[tools."github:fujiapple852/trippy".options]
asset_pattern = "trippy-{version}-x86_64-unknown-linux-musl.tar.gz"

[tools."github:fujiapple852/trippy"."platforms.linux-x64"]
checksum = "blake3:68e5c67f4c48915207e72361bb4951f58796ba14bfdf38a138a6e8beeafdb7ff"
url = "https://github.com/fujiapple852/trippy/releases/download/0.13.0/trippy-0.13.0-x86_64-unknown-linux-musl.tar.gz"
url_api = "https://api.github.com/repos/fujiapple852/trippy/releases/assets/251999050"

[[tools."github:imsnif/bandwhich"]]
version = "0.23.1"
backend = "github:imsnif/bandwhich"
specifiers = ["0.23.1"]

[tools."github:imsnif/bandwhich".options]
asset_pattern = "bandwhich-v{version}-x86_64-unknown-linux-musl.tar.gz"

[tools."github:imsnif/bandwhich"."platforms.linux-x64"]
checksum = "blake3:7e106d4a7d253b44f79165068429c89de45324e12afa2449acc0ccd14dff18f4"
url = "https://github.com/imsnif/bandwhich/releases/download/v0.23.1/bandwhich-v0.23.1-x86_64-unknown-linux-musl.tar.gz"
url_api = "https://api.github.com/repos/imsnif/bandwhich/releases/assets/197610170"

[[tools."github:jarun/nnn"]]
version = "5.3"
backend = "github:jarun/nnn"
specifiers = ["5.3"]

[tools."github:jarun/nnn".options]
asset_pattern = "nnn-musl-static-{version}.x86_64.tar.gz"

[tools."github:jarun/nnn"."platforms.linux-x64"]
checksum = "sha256:ba36a4013f6bea3150e27c6ecfd550ce77abb6c90d6aa376466ec60d17ac3345"
url = "https://github.com/jarun/nnn/releases/download/v5.3/nnn-musl-static-5.3.x86_64.tar.gz"
url_api = "https://api.github.com/repos/jarun/nnn/releases/assets/515762610"

[[tools."github:multiprocessio/dsq"]]
version = "0.23.0"
backend = "github:multiprocessio/dsq"
specifiers = ["0.23.0"]

[tools."github:multiprocessio/dsq"."platforms.linux-x64"]
checksum = "blake3:96cc0f5dd5c38b758d20f2c4f85242469238fad4a2839252916153d1bd1cbda9"
url = "https://github.com/multiprocessio/dsq/releases/download/v0.23.0/dsq-linux-x64-v0.23.0.zip"
url_api = "https://api.github.com/repos/multiprocessio/dsq/releases/assets/81728447"

[[tools."github:orf/gping"]]
version = "1.21.0"
backend = "github:orf/gping"
specifiers = ["1.21.0"]

[tools."github:orf/gping".options]
asset_pattern = "gping-Linux-musl-x86_64.tar.gz"
version_prefix = "gping-v"

[tools."github:orf/gping"."platforms.linux-x64"]
checksum = "sha256:cea59e22f6faf941f054cf0925433a2e3e4e6c42dc5c778b0265279a5056aeec"
url = "https://github.com/orf/gping/releases/download/gping-v1.21.0/gping-Linux-musl-x86_64.tar.gz"
url_api = "https://api.github.com/repos/orf/gping/releases/assets/538478143"

[[tools."github:ouch-org/ouch"]]
version = "0.8.2"
backend = "github:ouch-org/ouch"
specifiers = ["0.8.2"]

[tools."github:ouch-org/ouch".options]
asset_pattern = "ouch-x86_64-unknown-linux-musl.tar.gz"

[tools."github:ouch-org/ouch"."platforms.linux-x64"]
checksum = "sha256:c4ced4672badf374696c52661f4cacf154769771dbc7454222907e83ca81b4c0"
url = "https://github.com/ouch-org/ouch/releases/download/0.8.2/ouch-x86_64-unknown-linux-musl.tar.gz"
url_api = "https://api.github.com/repos/ouch-org/ouch/releases/assets/537367162"
provenance = "github-attestations"

[[tools."github:sxyazi/yazi"]]
version = "26.9.1"
backend = "github:sxyazi/yazi"
specifiers = ["26.9.1"]

[tools."github:sxyazi/yazi".options]
asset_pattern = "yazi-x86_64-unknown-linux-musl.zip"

[tools."github:sxyazi/yazi"."platforms.linux-x64"]
checksum = "sha256:9b9c39decccf8cb0ff53a7d637d38f8a79d93bbd0099f4ea9c619ef6bb392f5d"
url = "https://github.com/sxyazi/yazi/releases/download/v26.9.1/yazi-x86_64-unknown-linux-musl.zip"
url_api = "https://api.github.com/repos/sxyazi/yazi/releases/assets/539261404"

[[tools."github:tealdeer-rs/tealdeer"]]
version = "1.9.0"
backend = "github:tealdeer-rs/tealdeer"
specifiers = ["1.9.0"]

[tools."github:tealdeer-rs/tealdeer".options]
asset_pattern = "tealdeer-linux-x86_64-musl"

[tools."github:tealdeer-rs/tealdeer"."platforms.linux-x64"]
checksum = "sha256:dc7263b550e90c0689ea2cb434e3144469805d5dddecbb1f7fc534e1185b7408"
url = "https://github.com/tealdeer-rs/tealdeer/releases/download/v1.9.0/tealdeer-linux-x86_64-musl"
url_api = "https://api.github.com/repos/tealdeer-rs/tealdeer/releases/assets/527792725"

[[tools."github:tummychow/git-absorb"]]
version = "0.9.0"
backend = "github:tummychow/git-absorb"
specifiers = ["0.9.0"]

[tools."github:tummychow/git-absorb".options]
asset_pattern = "git-absorb-{version}-x86_64-unknown-linux-musl.tar.gz"

[tools."github:tummychow/git-absorb"."platforms.linux-x64"]
checksum = "sha256:517b442260a38617b05df0078b9e659b95068fabe8d0a83a33589d15f198d9a7"
url = "https://github.com/tummychow/git-absorb/releases/download/0.9.0/git-absorb-0.9.0-x86_64-unknown-linux-musl.tar.gz"
url_api = "https://api.github.com/repos/tummychow/git-absorb/releases/assets/355709221"

[[tools."github:unhappychoice/gitlogue"]]
version = "0.11.0"
backend = "github:unhappychoice/gitlogue"
specifiers = ["0.11.0"]

[tools."github:unhappychoice/gitlogue"."platforms.linux-x64"]
checksum = "sha256:ff58adcdbbd5474d5bcabe8194313574aab967a60bfc1757070ba025ff9379c4"
url = "https://github.com/unhappychoice/gitlogue/releases/download/v0.11.0/gitlogue-v0.11.0-x86_64-unknown-linux-gnu.tar.gz"
url_api = "https://api.github.com/repos/unhappychoice/gitlogue/releases/assets/536320141"

[[tools."github:xo/usql"]]
version = "0.21.5"
backend = "github:xo/usql"
specifiers = ["0.21.5"]

[tools."github:xo/usql".options]
asset_pattern = "usql_static-{version}-linux-amd64.tar.bz2"

[tools."github:xo/usql"."platforms.linux-x64"]
checksum = "sha256:30a4463107d7d089acbd07e2c7b46865722e6fee2fcd114e95bc8d449a4ae465"
url = "https://github.com/xo/usql/releases/download/v0.21.5/usql_static-0.21.5-linux-amd64.tar.bz2"
url_api = "https://api.github.com/repos/xo/usql/releases/assets/560756002"

[[tools.gitleaks]]
version = "8.30.1"
backend = "aqua:gitleaks/gitleaks"
specifiers = ["8.30.1"]

[tools.gitleaks."platforms.linux-x64"]
checksum = "sha256:551f6fc83ea457d62a0d98237cbad105af8d557003051f41f3e7ca7b3f2470eb"
url = "https://github.com/gitleaks/gitleaks/releases/download/v8.30.1/gitleaks_8.30.1_linux_x64.tar.gz"
url_api = "https://api.github.com/repos/gitleaks/gitleaks/releases/assets/378332058"

[[tools.gitui]]
version = "0.28.1"
backend = "aqua:gitui-org/gitui"
specifiers = ["0.28.1"]

[tools.gitui."platforms.linux-x64"]
checksum = "sha256:f6149b9ae203397158b0c89c13cfde718e7121d3d3cd2ebc597f93d6628d9b5b"
url = "https://github.com/gitui-org/gitui/releases/download/v0.28.1/gitui-linux-x86_64.tar.gz"
url_api = "https://api.github.com/repos/gitui-org/gitui/releases/assets/380787855"

[[tools.glow]]
version = "3.0.0"
backend = "aqua:charmbracelet/glow"
specifiers = ["3.0.0"]

[tools.glow."platforms.linux-x64"]
checksum = "sha256:13e05e4b2acc18d2aee44291aefe6325b077ec321b631a0cfa780e8e3bc33f78"
url = "https://github.com/charmbracelet/glow/releases/download/v3.0.0/glow_3.0.0_Linux_x86_64.tar.gz"
url_api = "https://api.github.com/repos/charmbracelet/glow/releases/assets/510466923"
provenance = "cosign"

[[tools.gopass]]
version = "1.17.2"
backend = "aqua:gopasspw/gopass"
specifiers = ["1.17.2"]

[tools.gopass."platforms.linux-x64"]
checksum = "sha256:95df834e451dec445565b8132efd4d9d18cb889b56d0fc65382d4ac3efdefb08"
url = "https://github.com/gopasspw/gopass/releases/download/v1.17.2/gopass-1.17.2-linux-amd64.tar.gz"
url_api = "https://api.github.com/repos/gopasspw/gopass/releases/assets/555209290"
provenance = "cosign"

[[tools.grex]]
version = "1.4.6"
backend = "aqua:pemistahl/grex"
specifiers = ["1.4.6"]

[tools.grex."platforms.linux-x64"]
checksum = "sha256:8f02f4ebe72d9e3098c646b77f7bc53ec8a8c1fb51ed042db06b739d08e56af8"
url = "https://github.com/pemistahl/grex/releases/download/v1.4.6/grex-v1.4.6-x86_64-unknown-linux-musl.tar.gz"
url_api = "https://api.github.com/repos/pemistahl/grex/releases/assets/316379863"

[[tools.gum]]
version = "2.0.1"
backend = "aqua:charmbracelet/gum"
specifiers = ["2.0.1"]

[tools.gum."platforms.linux-x64"]
checksum = "sha256:4dfe4547f960813864c803b3617aa64427fa32ca566707fde949e08975297c48"
url = "https://github.com/charmbracelet/gum/releases/download/v2.0.1/gum_2.0.1_Linux_x86_64.tar.gz"
url_api = "https://api.github.com/repos/charmbracelet/gum/releases/assets/556563001"
provenance = "cosign"

[[tools.helix]]
version = "25.07.1"
backend = "aqua:helix-editor/helix"
specifiers = ["25.07.1"]

[tools.helix."platforms.linux-x64"]
checksum = "sha256:3f08e63ecd388fff657ad39722f88bb03dcf326f1f2da2700d99e1dc40ab2e8b"
url = "https://github.com/helix-editor/helix/releases/download/25.07.1/helix-25.07.1-x86_64-linux.tar.xz"
url_api = "https://api.github.com/repos/helix-editor/helix/releases/assets/274144380"

[[tools.hexyl]]
version = "0.17.0"
backend = "aqua:sharkdp/hexyl"
specifiers = ["0.17.0"]

[tools.hexyl."platforms.linux-x64"]
checksum = "sha256:71b7463b8716225b4248525066e24b1874e954e87f397096f53e8804e3360189"
url = "https://github.com/sharkdp/hexyl/releases/download/v0.17.0/hexyl-v0.17.0-x86_64-unknown-linux-gnu.tar.gz"
url_api = "https://api.github.com/repos/sharkdp/hexyl/releases/assets/355844402"

[[tools.htmlq]]
version = "0.4.0"
backend = "aqua:mgdm/htmlq"
specifiers = ["0.4.0"]

[tools.htmlq."platforms.linux-x64"]
checksum = "blake3:ec5470f9c71611772be1712d832caf71cafaa1d60696477de67a0ff41079cc60"
url = "https://github.com/mgdm/htmlq/releases/download/v0.4.0/htmlq-x86_64-linux.tar.gz"
url_api = "https://api.github.com/repos/mgdm/htmlq/releases/assets/53128274"

[[tools."http:cht.sh"]]
version = "0"
backend = "http:cht.sh"
specifiers = ["0"]

[tools."http:cht.sh"."platforms.linux-x64"]
checksum = "blake3:53f18c19b18a81e8327cf8a9eee5553e1d535c6b66430cd73b0f479c44ef1d10"
url = "https://cht.sh/:cht.sh"

[[tools."http:nb"]]
version = "7.25.5"
backend = "http:nb"
specifiers = ["7.25.5"]

[tools."http:nb"."platforms.linux-x64"]
checksum = "blake3:c7d68395650f77209fd5e0a34226370243082d748fc492626278d3c2578a5c7b"
url = "https://raw.githubusercontent.com/xwmx/nb/7.25.5/nb"

[[tools."http:ncdu"]]
version = "2.9.1"
backend = "http:ncdu"
specifiers = ["2.9.1"]

[tools."http:ncdu"."platforms.linux-x64"]
checksum = "blake3:8a33bf4ee11eb471ebe18ee66f77f84b0d1eba4edb95adcd3dd657386af7edb9"
url = "https://dev.yorhel.nl/download/ncdu-2.9.1-linux-x86_64.tar.gz"

[[tools."http:pueue"]]
version = "4.0.4"
backend = "http:pueue"
specifiers = ["4.0.4"]

[tools."http:pueue"."platforms.linux-x64"]
checksum = "blake3:4b6e04eb7edb4e58c222b1393722c71db517e06e5f3ff3eef77f3eb06940f764"
url = "https://github.com/Nukesor/pueue/releases/download/v4.0.4/pueue-x86_64-unknown-linux-musl"

[[tools."http:pueued"]]
version = "4.0.4"
backend = "http:pueued"
specifiers = ["4.0.4"]

[tools."http:pueued"."platforms.linux-x64"]
checksum = "blake3:63fead7ccbdd423aa237db6ce2d960b0a9dc4b41418c6a15ac958c8c5466714b"
url = "https://github.com/Nukesor/pueue/releases/download/v4.0.4/pueued-x86_64-unknown-linux-musl"

[[tools."http:ssh-copy-id"]]
version = "10.5p1"
backend = "http:ssh-copy-id"
specifiers = ["10.5p1"]

[tools."http:ssh-copy-id"."platforms.linux-x64"]
checksum = "blake3:23103854f3e177f46ae4f552984e5fd8473efcd551bb3992f4486681e737e9ec"
url = "https://raw.githubusercontent.com/openssh/openssh-portable/V_10_5_P1/contrib/ssh-copy-id"

[[tools."http:sysz"]]
version = "1.4.3"
backend = "http:sysz"
specifiers = ["1.4.3"]

[tools."http:sysz"."platforms.linux-x64"]
checksum = "blake3:a608d8ca6863c74eb1d32a57886e7c459313fed80c8473abce1dccf42a408842"
url = "https://raw.githubusercontent.com/joehillen/sysz/1.4.3/sysz"

[[tools.hyperfine]]
version = "1.20.0"
backend = "aqua:sharkdp/hyperfine"
specifiers = ["1.20.0"]

[tools.hyperfine."platforms.linux-x64"]
checksum = "sha256:63ad53934062118f5b0be11785e0bb1603d4b91667d1921f2fd8df9a8712040a"
url = "https://github.com/sharkdp/hyperfine/releases/download/v1.20.0/hyperfine-v1.20.0-x86_64-unknown-linux-gnu.tar.gz"
url_api = "https://api.github.com/repos/sharkdp/hyperfine/releases/assets/317831911"

[[tools.jj]]
version = "0.45.1"
backend = "aqua:jj-vcs/jj"
specifiers = ["0.45.1"]

[tools.jj."platforms.linux-x64"]
checksum = "sha256:f35438350b5d61963aac5dd74ede510b31d6b9690769d1a6268cf058cc825f72"
url = "https://github.com/jj-vcs/jj/releases/download/v0.45.1/jj-v0.45.1-x86_64-unknown-linux-musl.tar.gz"
url_api = "https://api.github.com/repos/jj-vcs/jj/releases/assets/543032052"

[[tools.jq]]
version = "1.8.2"
backend = "aqua:jqlang/jq"
specifiers = ["1.8.2"]

[tools.jq."platforms.linux-x64"]
checksum = "sha256:b1c22172dd303f3be49e935aa56aa48a8b7a46e0bc838b4997d3bb451495870f"
url = "https://github.com/jqlang/jq/releases/download/jq-1.8.2/jq-linux-amd64"
url_api = "https://api.github.com/repos/jqlang/jq/releases/assets/453012752"
provenance = "github-attestations"

[[tools.k9s]]
version = "0.51.0"
backend = "aqua:derailed/k9s"
specifiers = ["0.51.0"]

[tools.k9s."platforms.linux-x64"]
checksum = "sha256:c3752ad51a5a4015a113819c4eeb6e55a4d0e4b8e652494797532f6fc8161dd7"
url = "https://github.com/derailed/k9s/releases/download/v0.51.0/k9s_Linux_amd64.tar.gz"
url_api = "https://api.github.com/repos/derailed/k9s/releases/assets/440224321"

[[tools.lazydocker]]
version = "0.25.2"
backend = "aqua:jesseduffield/lazydocker"
specifiers = ["0.25.2"]

[tools.lazydocker."platforms.linux-x64"]
checksum = "sha256:0d9dbfc26068b218e7ed84b104748cadc6e3cf733c0afd35465306fb39b9523c"
url = "https://github.com/jesseduffield/lazydocker/releases/download/v0.25.2/lazydocker_0.25.2_Linux_x86_64.tar.gz"
url_api = "https://api.github.com/repos/jesseduffield/lazydocker/releases/assets/399711577"

[[tools.lazygit]]
version = "0.65.1"
backend = "aqua:jesseduffield/lazygit"
specifiers = ["0.65.1"]

[tools.lazygit."platforms.linux-x64"]
checksum = "sha256:02beacbcda0fa342e50ae3480ba8147307353af3fb28e1d5f790e02329c201a6"
url = "https://github.com/jesseduffield/lazygit/releases/download/v0.65.1/lazygit_0.65.1_linux_x86_64.tar.gz"
url_api = "https://api.github.com/repos/jesseduffield/lazygit/releases/assets/560658266"

[[tools.lazyjournal]]
version = "0.8.6"
backend = "aqua:Lifailon/lazyjournal"
specifiers = ["0.8.6"]

[tools.lazyjournal."platforms.linux-x64"]
checksum = "sha256:c264bbcb6b30fa6418bbfce2087d0e1ecdc7ad17421772c0f002e4cbf8cf4bd7"
url = "https://github.com/Lifailon/lazyjournal/releases/download/0.8.6/lazyjournal-0.8.6-linux-amd64"
url_api = "https://api.github.com/repos/Lifailon/lazyjournal/releases/assets/374974897"

[[tools.lnav]]
version = "0.14.1"
backend = "aqua:tstack/lnav"
specifiers = ["0.14.1"]

[tools.lnav."platforms.linux-x64"]
checksum = "sha256:ec1750f0a6962eed6bb85ad4249457894f190e961277c56d69c47eecce9e705e"
url = "https://github.com/tstack/lnav/releases/download/v0.14.1/lnav-0.14.1-linux-musl-x86_64.zip"
url_api = "https://api.github.com/repos/tstack/lnav/releases/assets/545340959"

[[tools.marksman]]
version = "2026-02-08"
backend = "aqua:artempyanykh/marksman"
specifiers = ["2026-02-08"]

[tools.marksman."platforms.linux-x64"]
checksum = "sha256:be5098e8213219269c47fc0d916a66fa31ce0602ec967475c722260aabf26087"
url = "https://github.com/artempyanykh/marksman/releases/download/2026-02-08/marksman-linux-x64"
url_api = "https://api.github.com/repos/artempyanykh/marksman/releases/assets/352747902"

[[tools.micro]]
version = "2.0.15"
backend = "aqua:micro-editor/micro"
specifiers = ["2.0.15"]

[tools.micro."platforms.linux-x64"]
checksum = "sha256:267d238eac1e26ed053d13d4d48bd421b87f9eb538b604f0b2f74a85598b6cc2"
url = "https://github.com/micro-editor/micro/releases/download/v2.0.15/micro-2.0.15-linux64-static.tar.gz"
url_api = "https://api.github.com/repos/micro-editor/micro/releases/assets/334842982"

[[tools.miller]]
version = "6.21.0"
backend = "aqua:johnkerl/miller"
specifiers = ["6.21.0"]

[tools.miller."platforms.linux-x64"]
checksum = "sha256:22daf43f3afc7c497da0b9480a0d4ef0d39c9bf68b2460068dd0187ed44f7b80"
url = "https://github.com/johnkerl/miller/releases/download/v6.21.0/miller-6.21.0-linux-amd64.tar.gz"
url_api = "https://api.github.com/repos/johnkerl/miller/releases/assets/508818093"

[[tools.miniserve]]
version = "0.35.0"
backend = "aqua:svenstaro/miniserve"
specifiers = ["0.35.0"]

[tools.miniserve."platforms.linux-x64"]
checksum = "sha256:3b43ec6cb8ef5d5cc72a216b2309ef77c90952fd2c3e3c6eb9010dec39f3a086"
url = "https://github.com/svenstaro/miniserve/releases/download/v0.35.0/miniserve-0.35.0-x86_64-unknown-linux-gnu"
url_api = "https://api.github.com/repos/svenstaro/miniserve/releases/assets/391553074"

[[tools.numbat]]
version = "1.24.0"
backend = "aqua:sharkdp/numbat"
specifiers = ["1.24.0"]

[tools.numbat."platforms.linux-x64"]
checksum = "sha256:ed45b8bce7b1b92d68ef8685ddeb17d5378749f34148d8ecc1384cdfeebc8620"
url = "https://github.com/sharkdp/numbat/releases/download/v1.24.0/numbat-v1.24.0-x86_64-unknown-linux-gnu.tar.gz"
url_api = "https://api.github.com/repos/sharkdp/numbat/releases/assets/526573044"

[[tools."pypi:asciinema"]]
version = "2.4.0"
backend = "pypi:asciinema"
specifiers = ["latest"]
uv = { path = "locks/mise.linux/pypi-asciinema/2.4.0", digest = "sha256:8dd3b374ec017080eb02a09bbf0f821a7ce4a7a17c5e29f6e20e7c4ffa1ea1a7" }

[[tools."pypi:glances"]]
version = "4.5.6"
backend = "pypi:glances"
specifiers = ["latest"]
uv = { path = "locks/mise.linux/pypi-glances/4.5.6", digest = "sha256:d899d58be30704d1ce172603fb70855fb42fc39577dacd63c3e8e2624a32d82d" }

[[tools."pypi:harlequin"]]
version = "2.14.0"
backend = "pypi:harlequin"
specifiers = ["latest"]
uv = { path = "locks/mise.linux/pypi-harlequin/2.14.0", digest = "sha256:45e3a3cb2b13902ff80ffb00e9620b3e547c6b50dce45db91eee7ad3335f313b" }

[[tools.rclone]]
version = "1.75.1"
backend = "aqua:rclone/rclone"
specifiers = ["1.75.1"]

[tools.rclone."platforms.linux-x64"]
checksum = "sha256:982b5aa772841168f8e380f139e9e787b2a105403e32b94da8676a0e1c0a13ab"
url = "https://github.com/rclone/rclone/releases/download/v1.75.1/rclone-v1.75.1-linux-amd64.zip"
url_api = "https://api.github.com/repos/rclone/rclone/releases/assets/544638482"

[[tools.ripgrep]]
version = "15.2.0"
backend = "aqua:BurntSushi/ripgrep"
specifiers = ["15.2.0"]

[tools.ripgrep."platforms.linux-x64"]
checksum = "sha256:33e15bcf1624b25cdd2a55813a47a2f95dbe126268203e76aa6a585d1e7b149c"
url = "https://github.com/BurntSushi/ripgrep/releases/download/15.2.0/ripgrep-15.2.0-x86_64-unknown-linux-musl.tar.gz"
url_api = "https://api.github.com/repos/BurntSushi/ripgrep/releases/assets/478120097"

[[tools.rust-analyzer]]
version = "2026-09-21"
backend = "aqua:rust-lang/rust-analyzer"
specifiers = ["2026-09-21"]

[tools.rust-analyzer."platforms.linux-x64"]
checksum = "sha256:b2d24ce2bda2ea05b1ad7c2917d205f8111775f703ccd908e6061803ae8257d0"
url = "https://github.com/rust-lang/rust-analyzer/releases/download/2026-09-21/rust-analyzer-x86_64-unknown-linux-gnu.gz"
url_api = "https://api.github.com/repos/rust-lang/rust-analyzer/releases/assets/578247795"

[[tools.sd]]
version = "1.1.0"
backend = "aqua:chmln/sd"
specifiers = ["1.1.0"]

[tools.sd."platforms.linux-x64"]
checksum = "sha256:3613eca74cd686739bb5a6d68319aa56c747e7315274d02323a2ca2b1c5d82d2"
url = "https://github.com/chmln/sd/releases/download/v1.1.0/sd-v1.1.0-x86_64-unknown-linux-gnu.tar.gz"
url_api = "https://api.github.com/repos/chmln/sd/releases/assets/362325296"

[[tools.shfmt]]
version = "3.14.1"
backend = "aqua:mvdan/sh"
specifiers = ["3.14.1"]

[tools.shfmt."platforms.linux-x64"]
checksum = "sha256:76e77641faa025814b77f153b29796b8e6fa2fca03e0c76a691608b86c7ea7bf"
url = "https://github.com/mvdan/sh/releases/download/v3.14.1/shfmt_v3.14.1_linux_amd64"
url_api = "https://api.github.com/repos/mvdan/sh/releases/assets/547320883"

[[tools.sops]]
version = "3.13.3"
backend = "aqua:getsops/sops"
specifiers = ["3.13.3"]

[tools.sops."platforms.linux-x64"]
checksum = "sha256:e5bec3346a873ae91d871550f3e698c1aad962aff462a080e40f25fde17fef6b"
url = "https://github.com/getsops/sops/releases/download/v3.13.3/sops-v3.13.3.linux.amd64"
url_api = "https://api.github.com/repos/getsops/sops/releases/assets/486808201"

[tools.sops."platforms.linux-x64".provenance.slsa]
url = "https://github.com/getsops/sops/releases/download/v3.13.3/sops-v3.13.3.intoto.jsonl"

[[tools.starship]]
version = "1.26.0"
backend = "aqua:starship/starship"
specifiers = ["1.26.0"]

[tools.starship."platforms.linux-x64"]
checksum = "sha256:321f0dd7af8340a5f2e6a8fec6538a04f617486f9ec70d878f91c09cd8deef22"
url = "https://github.com/starship/starship/releases/download/v1.26.0/starship-x86_64-unknown-linux-gnu.tar.gz"
url_api = "https://api.github.com/repos/starship/starship/releases/assets/460374620"

[[tools.systemctl-tui]]
version = "0.8.0"
backend = "aqua:rgwood/systemctl-tui"
specifiers = ["0.8.0"]

[tools.systemctl-tui."platforms.linux-x64"]
checksum = "sha256:69e1236a9a5f742fa905338e252e883c8139253ed863aad28dde47446d0bb909"
url = "https://github.com/rgwood/systemctl-tui/releases/download/v0.8.0/systemctl-tui-x86_64-unknown-linux-musl.tar.gz"
url_api = "https://api.github.com/repos/rgwood/systemctl-tui/releases/assets/492064779"

[[tools.taplo]]
version = "0.10.0"
backend = "aqua:tamasfe/taplo"
specifiers = ["0.10.0"]

[tools.taplo."platforms.linux-x64"]
checksum = "blake3:4871fab0e60275a1eb46e7190726e144f56c9a9527f59b0d1da5a042baead8e2"
url = "https://github.com/tamasfe/taplo/releases/download/0.10.0/taplo-linux-x86_64.gz"
url_api = "https://api.github.com/repos/tamasfe/taplo/releases/assets/257322600"

[[tools.watchexec]]
version = "2.7.3"
backend = "aqua:watchexec/watchexec"
specifiers = ["2.7.3"]

[tools.watchexec."platforms.linux-x64"]
checksum = "sha256:8ace3a1d2e752d189f28b6766311d58f155ab977fae66aba60b111ec8aec2f64"
url = "https://github.com/watchexec/watchexec/releases/download/v2.7.3/watchexec-2.7.3-x86_64-unknown-linux-gnu.tar.xz"
url_api = "https://api.github.com/repos/watchexec/watchexec/releases/assets/565495660"

[[tools.witr]]
version = "0.3.3"
backend = "aqua:pranshuparmar/witr"
specifiers = ["0.3.3"]

[tools.witr."platforms.linux-x64"]
checksum = "sha256:08fc46e3f80a374476f71d0d6e6579477cd98c6df5cc59d98224adf948f5ebf5"
url = "https://github.com/pranshuparmar/witr/releases/download/v0.3.3/witr-linux-amd64"
url_api = "https://api.github.com/repos/pranshuparmar/witr/releases/assets/456364356"

[[tools.xh]]
version = "0.26.2"
backend = "aqua:ducaale/xh"
specifiers = ["0.26.2"]

[tools.xh."platforms.linux-x64"]
checksum = "sha256:8c53b6a23435754f9e2ea8ab8c0d0296a1921404b88132cf9b364ff6e8c22a6e"
url = "https://github.com/ducaale/xh/releases/download/v0.26.2/xh-v0.26.2-x86_64-unknown-linux-musl.tar.gz"
url_api = "https://api.github.com/repos/ducaale/xh/releases/assets/490410371"

[[tools.yq]]
version = "4.53.6"
backend = "aqua:mikefarah/yq"
specifiers = ["4.53.6"]

[tools.yq."platforms.linux-x64"]
checksum = "sha256:c5f056448f973ae7d39b5401949648a78f2dc1947d6a8eb65be60d5c504b9385"
url = "https://github.com/mikefarah/yq/releases/download/v4.53.6/yq_linux_amd64"
url_api = "https://api.github.com/repos/mikefarah/yq/releases/assets/522028022"
provenance = "cosign"

[[tools.zellij]]
version = "0.45.1"
backend = "aqua:zellij-org/zellij"
specifiers = ["0.45.1"]

[tools.zellij."platforms.linux-x64"]
checksum = "sha256:40bcc2e03f5d5ae8e054e39f676081fe12ab70871506996ba595834c3718eefc"
url = "https://github.com/zellij-org/zellij/releases/download/v0.45.1/zellij-x86_64-unknown-linux-musl.tar.gz"
url_api = "https://api.github.com/repos/zellij-org/zellij/releases/assets/533538763"

[[tools.zoxide]]
version = "0.10.0"
backend = "aqua:ajeetdsouza/zoxide"
specifiers = ["0.10.0"]

[tools.zoxide."platforms.linux-x64"]
checksum = "sha256:2d93385b99f3e82cf2701609a1bffcad863fbeb75aa3fe7eb6be4d29be68b1ae"
url = "https://github.com/ajeetdsouza/zoxide/releases/download/v0.10.0/zoxide-0.10.0-x86_64-unknown-linux-musl.tar.gz"
url_api = "https://api.github.com/repos/ajeetdsouza/zoxide/releases/assets/466316293"
