# @generated - this file is auto-generated by `mise lock` https://mise.jdx.dev/dev-tools/mise-lock.html

lockfile_version = 2

[[tools.bat]]
version = "0.26.1"
backend = "aqua:sharkdp/bat"
specifiers = ["0.26.1"]

[tools.bat."platforms.linux-x64"]
checksum = "sha256:726f04c8f576a7fd18b7634f1bbf2f915c43494c1c0f013baa3287edb0d5a2a3"
url = "https://github.com/sharkdp/bat/releases/download/v0.26.1/bat-v0.26.1-x86_64-unknown-linux-gnu.tar.gz"
url_api = "https://api.github.com/repos/sharkdp/bat/releases/assets/323549181"

[tools.bat."platforms.windows-x64"]
checksum = "sha256:0f729b4b6f5f28d395c641eacc2e9ff68d0096b85aa0eec344aa62425144b69b"
url = "https://github.com/sharkdp/bat/releases/download/v0.26.1/bat-v0.26.1-x86_64-pc-windows-msvc.zip"
url_api = "https://api.github.com/repos/sharkdp/bat/releases/assets/323549116"

[[tools.eza]]
version = "0.23.5"
backend = "aqua:eza-community/eza"
specifiers = ["0.23.5"]

[tools.eza."platforms.linux-x64"]
checksum = "sha256:35c70c5c43c29108075e58b893234c67ef585f0b53a7eaf8e9e7d4eec9f339b4"
url = "https://github.com/eza-community/eza/releases/download/v0.23.5/eza_x86_64-unknown-linux-gnu.tar.gz"
url_api = "https://api.github.com/repos/eza-community/eza/releases/assets/471228887"

[tools.eza."platforms.windows-x64"]
checksum = "sha256:bbef561f5cfc8e778649b65e69c9c6e4c836c0fbe83ee3d0a5128091d797ed8a"
url = "https://github.com/eza-community/eza/releases/download/v0.23.5/eza.exe_x86_64-pc-windows-gnu.tar.gz"
url_api = "https://api.github.com/repos/eza-community/eza/releases/assets/471228877"

[[tools.fd]]
version = "10.5.0"
backend = "aqua:sharkdp/fd"
specifiers = ["10.5.0"]

[tools.fd."platforms.linux-x64"]
checksum = "sha256:a1259cd129636efbc3fef123525c1b49e88fe5088c012630983c310e52fdfa95"
url = "https://github.com/sharkdp/fd/releases/download/v10.5.0/fd-v10.5.0-x86_64-unknown-linux-gnu.tar.gz"
url_api = "https://api.github.com/repos/sharkdp/fd/releases/assets/530481615"

[tools.fd."platforms.windows-x64"]
checksum = "sha256:a227701b8551c35a9931d9f6da75503cf86d88e182d71fb849a70864c5d57cd7"
url = "https://github.com/sharkdp/fd/releases/download/v10.5.0/fd-v10.5.0-x86_64-pc-windows-msvc.zip"
url_api = "https://api.github.com/repos/sharkdp/fd/releases/assets/530482901"

[[tools.fzf]]
version = "0.74.4"
backend = "aqua:junegunn/fzf"
specifiers = ["0.74.4"]

[tools.fzf."platforms.linux-x64"]
checksum = "sha256:05e6813a337cc722c3ed07e54a764b75cc5d671e2e60459db0ba696ee5fa7504"
url = "https://github.com/junegunn/fzf/releases/download/v0.74.4/fzf-0.74.4-linux_amd64.tar.gz"
url_api = "https://api.github.com/repos/junegunn/fzf/releases/assets/558287768"

[tools.fzf."platforms.windows-x64"]
checksum = "sha256:5e63c0e798406fcb9c51a9fed4988398e25fdabf8c670e32c16caf7b4a7ed02d"
url = "https://github.com/junegunn/fzf/releases/download/v0.74.4/fzf-0.74.4-windows_amd64.zip"
url_api = "https://api.github.com/repos/junegunn/fzf/releases/assets/558287758"

[[tools.gh]]
version = "2.102.0"
backend = "aqua:cli/cli"
specifiers = ["2.102.0"]

[tools.gh."platforms.linux-x64"]
checksum = "sha256:bb766f710eef8ede859c18578c72c327597cd4c8a85b06001b1f3843c6019386"
url = "https://github.com/cli/cli/releases/download/v2.102.0/gh_2.102.0_linux_amd64.tar.gz"
url_api = "https://api.github.com/repos/cli/cli/releases/assets/599854672"
provenance = "github-attestations"

[tools.gh."platforms.windows-x64"]
checksum = "sha256:ae64e556ecc240b200f7eba60d550e4bb60d78e860e69dd88c449405b86067f4"
url = "https://github.com/cli/cli/releases/download/v2.102.0/gh_2.102.0_windows_amd64.zip"
url_api = "https://api.github.com/repos/cli/cli/releases/assets/599854760"
provenance = "github-attestations"

[[tools."github:DevToys-app/DevToys"]]
version = "2.0.9.0"
backend = "github:DevToys-app/DevToys"
specifiers = ["2.0.9.0"]

[tools."github:DevToys-app/DevToys".options]
asset_pattern = "devtoys.cli_linux_x64_portable.zip"

[tools."github:DevToys-app/DevToys"."platforms.linux-x64"]
checksum = "sha256:08ea1db86f0e9bfd8e591cbeb2102a16e7213b4512de378ba1c06449cbd225af"
url = "https://github.com/DevToys-app/DevToys/releases/download/v2.0.9.0/devtoys.cli_linux_x64_portable.zip"
url_api = "https://api.github.com/repos/DevToys-app/DevToys/releases/assets/338070567"

[[tools."github:DevToys-app/DevToys"]]
version = "2.0.9.0"
backend = "github:DevToys-app/DevToys"
specifiers = ["2.0.9.0"]

[tools."github:DevToys-app/DevToys".options]
asset_pattern = "devtoys.cli_win_x64_portable.zip"

[tools."github:DevToys-app/DevToys"."platforms.windows-x64"]
checksum = "sha256:27327ad18c06d5bba4356f039c76203b0099f864d10f6de0d833225077dd310a"
url = "https://github.com/DevToys-app/DevToys/releases/download/v2.0.9.0/devtoys.cli_win_x64_portable.zip"
url_api = "https://api.github.com/repos/DevToys-app/DevToys/releases/assets/338071884"

[[tools."github:LogExperts/LogExpert"]]
version = "1.41.0"
backend = "github:LogExperts/LogExpert"
specifiers = ["1.41.0"]

[tools."github:LogExperts/LogExpert".options]
asset_pattern = "LogExpert.{version}.zip"

[tools."github:LogExperts/LogExpert"."platforms.linux-x64"]
checksum = "sha256:74524db34332aed480c5c631ca9023118140bc120075c1365ae6713620673c89"
url = "https://github.com/LogExperts/LogExpert/releases/download/v1.41.0/LogExpert.1.41.0.zip"
url_api = "https://api.github.com/repos/LogExperts/LogExpert/releases/assets/475521489"

[tools."github:LogExperts/LogExpert"."platforms.windows-x64"]
checksum = "sha256:74524db34332aed480c5c631ca9023118140bc120075c1365ae6713620673c89"
url = "https://github.com/LogExperts/LogExpert/releases/download/v1.41.0/LogExpert.1.41.0.zip"
url_api = "https://api.github.com/repos/LogExperts/LogExpert/releases/assets/475521489"

[[tools."github:atuinsh/atuin"]]
version = "18.23.0"
backend = "github:atuinsh/atuin"
specifiers = ["18.23.0"]

[tools."github:atuinsh/atuin".options]
asset_pattern = "atuin-x86_64-unknown-linux-musl.tar.gz"

[tools."github:atuinsh/atuin"."platforms.linux-x64"]
checksum = "sha256:d1b40dd6e7cd3d823867ffe22b39a025bc420f7875926ae9ca974155378da14d"
url = "https://github.com/atuinsh/atuin/releases/download/v18.23.0/atuin-x86_64-unknown-linux-musl.tar.gz"
url_api = "https://api.github.com/repos/atuinsh/atuin/releases/assets/580134247"
provenance = "github-attestations"

[[tools."github:atuinsh/atuin"]]
version = "18.23.0"
backend = "github:atuinsh/atuin"
specifiers = ["18.23.0"]

[tools."github:atuinsh/atuin".options]
asset_pattern = "atuin-x86_64-pc-windows-msvc.zip"

[tools."github:atuinsh/atuin"."platforms.windows-x64"]
checksum = "sha256:3e1c1282da39039a7ceb8e53c6b624dfb86200823559bbe80c0ace3d0baf09ae"
url = "https://github.com/atuinsh/atuin/releases/download/v18.23.0/atuin-x86_64-pc-windows-msvc.zip"
url_api = "https://api.github.com/repos/atuinsh/atuin/releases/assets/580134234"
provenance = "github-attestations"

[[tools."github:can1357/oh-my-pi"]]
version = "18.6.1"
backend = "github:can1357/oh-my-pi"
specifiers = ["18.6.1"]

[tools."github:can1357/oh-my-pi"."platforms.linux-x64"]
checksum = "sha256:c92a6846d02984e84f07c6362d18add3783f528f494ffcf1e0f26e594f327463"
url = "https://github.com/can1357/oh-my-pi/releases/download/v18.6.1/omp-linux-x64"
url_api = "https://api.github.com/repos/can1357/oh-my-pi/releases/assets/610156065"

[tools."github:can1357/oh-my-pi"."platforms.windows-x64"]
checksum = "sha256:df10906c558ca188aa044c1c2bf27775693cbcf0aea8f16597dcd6949e0d1a1a"
url = "https://github.com/can1357/oh-my-pi/releases/download/v18.6.1/omp-windows-x64.exe"
url_api = "https://api.github.com/repos/can1357/oh-my-pi/releases/assets/610156062"

[[tools."github:carapace-sh/carapace-bin"]]
version = "1.8.0"
backend = "github:carapace-sh/carapace-bin"
specifiers = ["1.8.0"]

[tools."github:carapace-sh/carapace-bin".options]
asset_pattern = "carapace-bin_{version}_windows_amd64.zip"

[tools."github:carapace-sh/carapace-bin"."platforms.linux-x64"]
checksum = "sha256:ee5ba25180a8929e34c5b7f4aa20f898369c31c5e5939f68819cda0da1959762"
url = "https://github.com/carapace-sh/carapace-bin/releases/download/v1.8.0/carapace-bin_1.8.0_windows_amd64.zip"
url_api = "https://api.github.com/repos/carapace-sh/carapace-bin/releases/assets/589311077"

[tools."github:carapace-sh/carapace-bin"."platforms.windows-x64"]
checksum = "sha256:ee5ba25180a8929e34c5b7f4aa20f898369c31c5e5939f68819cda0da1959762"
url = "https://github.com/carapace-sh/carapace-bin/releases/download/v1.8.0/carapace-bin_1.8.0_windows_amd64.zip"
url_api = "https://api.github.com/repos/carapace-sh/carapace-bin/releases/assets/589311077"

[[tools."github:dandavison/delta"]]
version = "0.20.1"
backend = "github:dandavison/delta"
specifiers = ["0.20.1"]

[tools."github:dandavison/delta".options]
asset_pattern = "delta-{{ version }}-x86_64-unknown-linux-musl.tar.gz"

[tools."github:dandavison/delta"."platforms.linux-x64"]
checksum = "sha256:69dcb4043f55c29118f408c6efd30115e0a4e0a6709253343b8c8fa814ab4a31"
url = "https://github.com/dandavison/delta/releases/download/0.20.1/delta-0.20.1-x86_64-unknown-linux-musl.tar.gz"
url_api = "https://api.github.com/repos/dandavison/delta/releases/assets/610498263"

[[tools."github:dandavison/delta"]]
version = "0.20.1"
backend = "github:dandavison/delta"
specifiers = ["0.20.1"]

[tools."github:dandavison/delta".options]
asset_pattern = "delta-{{ version }}-x86_64-pc-windows-msvc.zip"

[tools."github:dandavison/delta"."platforms.windows-x64"]
checksum = "sha256:c9af7484b33f1dbc1312a892fc7d5753a6d3365140a4000d49e575a2de742c25"
url = "https://github.com/dandavison/delta/releases/download/0.20.1/delta-0.20.1-x86_64-pc-windows-msvc.zip"
url_api = "https://api.github.com/repos/dandavison/delta/releases/assets/610501426"

[[tools."github:dnGrep/dnGrep"]]
version = "5.0.30.0"
backend = "github:dnGrep/dnGrep"
specifiers = ["5.0.30.0"]

[tools."github:dnGrep/dnGrep".options]
asset_pattern = "dnGrep.{version}.x64.zip"

[tools."github:dnGrep/dnGrep"."platforms.linux-x64"]
checksum = "sha256:27e79603d8a743e16ab97aa4b83b50a56061faa9c79b68bfe13b64ba9c45bd32"
url = "https://github.com/dnGrep/dnGrep/releases/download/v5.0.30.0/dnGrep.5.0.30.0.x64.zip"
url_api = "https://api.github.com/repos/dnGrep/dnGrep/releases/assets/477232224"

[tools."github:dnGrep/dnGrep"."platforms.windows-x64"]
checksum = "sha256:27e79603d8a743e16ab97aa4b83b50a56061faa9c79b68bfe13b64ba9c45bd32"
url = "https://github.com/dnGrep/dnGrep/releases/download/v5.0.30.0/dnGrep.5.0.30.0.x64.zip"
url_api = "https://api.github.com/repos/dnGrep/dnGrep/releases/assets/477232224"

[[tools."github:pwndbg/pwndbg"]]
version = "2026.09.15"
backend = "github:pwndbg/pwndbg"
specifiers = ["2026.09.15"]

[tools."github:pwndbg/pwndbg".options]
asset_pattern = "pwndbg_{version}_x86_64-portable.tar.xz"
version_prefix = ""

[tools."github:pwndbg/pwndbg"."platforms.linux-x64"]
checksum = "sha256:7ba64666ee595885ba4b0e073f85e423829103e9fdbe921ba4eef1acd9150803"
url = "https://github.com/pwndbg/pwndbg/releases/download/2026.09.15/pwndbg_2026.09.15_x86_64-portable.tar.xz"
url_api = "https://api.github.com/repos/pwndbg/pwndbg/releases/assets/566633367"
provenance = "github-attestations"

[tools."github:pwndbg/pwndbg"."platforms.windows-x64"]
checksum = "sha256:7ba64666ee595885ba4b0e073f85e423829103e9fdbe921ba4eef1acd9150803"
url = "https://github.com/pwndbg/pwndbg/releases/download/2026.09.15/pwndbg_2026.09.15_x86_64-portable.tar.xz"
url_api = "https://api.github.com/repos/pwndbg/pwndbg/releases/assets/566633367"
provenance = "github-attestations"

[[tools."github:ryanoasis/nerd-fonts"]]
version = "3.5.1"
backend = "github:ryanoasis/nerd-fonts"
specifiers = ["3.5.1"]

[tools."github:ryanoasis/nerd-fonts".options]
asset_pattern = "JetBrainsMono.tar.xz"

[tools."github:ryanoasis/nerd-fonts"."platforms.linux-x64"]
checksum = "sha256:04d5e8f903693f9dd13e16f867e994834e681eb3c72c0d337a770dcda09010cf"
url = "https://github.com/ryanoasis/nerd-fonts/releases/download/v3.5.1/JetBrainsMono.tar.xz"
url_api = "https://api.github.com/repos/ryanoasis/nerd-fonts/releases/assets/523475208"

[tools."github:ryanoasis/nerd-fonts"."platforms.windows-x64"]
checksum = "sha256:04d5e8f903693f9dd13e16f867e994834e681eb3c72c0d337a770dcda09010cf"
url = "https://github.com/ryanoasis/nerd-fonts/releases/download/v3.5.1/JetBrainsMono.tar.xz"
url_api = "https://api.github.com/repos/ryanoasis/nerd-fonts/releases/assets/523475208"

[[tools."github:sxyazi/yazi"]]
version = "26.9.1"
backend = "github:sxyazi/yazi"
specifiers = ["26.9.1"]

[tools."github:sxyazi/yazi".options]
asset_pattern = "yazi-x86_64-unknown-linux-musl.zip"

[tools."github:sxyazi/yazi"."platforms.linux-x64"]
checksum = "sha256:9b9c39decccf8cb0ff53a7d637d38f8a79d93bbd0099f4ea9c619ef6bb392f5d"
url = "https://github.com/sxyazi/yazi/releases/download/v26.9.1/yazi-x86_64-unknown-linux-musl.zip"
url_api = "https://api.github.com/repos/sxyazi/yazi/releases/assets/539261404"

[[tools."github:sxyazi/yazi"]]
version = "26.9.1"
backend = "github:sxyazi/yazi"
specifiers = ["26.9.1"]

[tools."github:sxyazi/yazi".options]
asset_pattern = "yazi-x86_64-pc-windows-msvc.zip"

[tools."github:sxyazi/yazi"."platforms.windows-x64"]
checksum = "sha256:7c033e5f2de6355fd03d865319053fc97db780275974ed17653c057f5d0f8d21"
url = "https://github.com/sxyazi/yazi/releases/download/v26.9.1/yazi-x86_64-pc-windows-msvc.zip"
url_api = "https://api.github.com/repos/sxyazi/yazi/releases/assets/539261401"

[[tools.go]]
version = "1.27.1"
backend = "core:go"
specifiers = ["1.27.1"]

[tools.go."platforms.linux-x64"]
checksum = "sha256:63d339f0da5ab53635a56f2490a7984dfe12dfcff22ad749f63edaf590168445"
url = "https://dl.google.com/go/go1.27.1.linux-amd64.tar.gz"

[tools.go."platforms.windows-x64"]
checksum = "sha256:a3911b5e0e1b1053f25ed0675f4c1c6aad1e2bfcf253df2b9be4caabd2edd95d"
url = "https://dl.google.com/go/go1.27.1.windows-amd64.zip"

[[tools."go:golang.org/x/tools/gopls"]]
version = "0.23.0"
backend = "go:golang.org/x/tools/gopls"
specifiers = ["0.23.0"]

[[tools.helix]]
version = "25.07.1"
backend = "aqua:helix-editor/helix"
specifiers = ["25.07.1"]

[tools.helix."platforms.linux-x64"]
checksum = "sha256:3f08e63ecd388fff657ad39722f88bb03dcf326f1f2da2700d99e1dc40ab2e8b"
url = "https://github.com/helix-editor/helix/releases/download/25.07.1/helix-25.07.1-x86_64-linux.tar.xz"
url_api = "https://api.github.com/repos/helix-editor/helix/releases/assets/274144380"

[tools.helix."platforms.windows-x64"]
checksum = "sha256:5c8325ced8bacd8418d62706f669e96d9c3578a9237526e34d546900cbc049b6"
url = "https://github.com/helix-editor/helix/releases/download/25.07.1/helix-25.07.1-x86_64-windows.zip"
url_api = "https://api.github.com/repos/helix-editor/helix/releases/assets/274144377"

[[tools.herdr]]
version = "0.9.3"
backend = "aqua:herdrdev/herdr"
specifiers = ["0.9.3"]

[tools.herdr."platforms.linux-x64"]
checksum = "sha256:18a8dc65f1c2fa485884344356dea1cfd911c6f06cf46fa78e193f4087f4dba7"
url = "https://github.com/herdrdev/herdr/releases/download/v0.9.3/herdr-linux-x86_64"
url_api = "https://api.github.com/repos/herdrdev/herdr/releases/assets/599036383"

[tools.herdr."platforms.windows-x64"]
checksum = "sha256:c75b1fa49f7a3ba4b8b11789912a6147e4214a3b6fd3556d0f80076c8887d795"
url = "https://github.com/herdrdev/herdr/releases/download/v0.9.3/herdr-windows-x86_64.zip"
url_api = "https://api.github.com/repos/herdrdev/herdr/releases/assets/599036387"

[[tools.jq]]
version = "1.8.2"
backend = "aqua:jqlang/jq"
specifiers = ["1.8.2"]

[tools.jq."platforms.linux-x64"]
checksum = "sha256:b1c22172dd303f3be49e935aa56aa48a8b7a46e0bc838b4997d3bb451495870f"
url = "https://github.com/jqlang/jq/releases/download/jq-1.8.2/jq-linux-amd64"
url_api = "https://api.github.com/repos/jqlang/jq/releases/assets/453012752"
provenance = "github-attestations"

[tools.jq."platforms.windows-x64"]
checksum = "sha256:a6fc67fedaf9128a3309a1e2ebb8b986aeccf70122ee46d2cb4849e423f0c627"
url = "https://github.com/jqlang/jq/releases/download/jq-1.8.2/jq-windows-amd64.exe"
url_api = "https://api.github.com/repos/jqlang/jq/releases/assets/453012788"
provenance = "github-attestations"

[[tools.lua-language-server]]
version = "3.19.1"
backend = "aqua:LuaLS/lua-language-server"
specifiers = ["3.19.1"]

[tools.lua-language-server."platforms.linux-x64"]
checksum = "sha256:e9235d2d72ef55bc41cf8c99cda2ed64777682024b4bb81f5dea425060c5cbb8"
url = "https://github.com/LuaLS/lua-language-server/releases/download/3.19.1/lua-language-server-3.19.1-linux-x64.tar.gz"
url_api = "https://api.github.com/repos/LuaLS/lua-language-server/releases/assets/513572259"

[tools.lua-language-server."platforms.windows-x64"]
checksum = "sha256:fdb9a59108cf62517813c97fa5549b0e16d1ef0688306bac728b08434db7e4cd"
url = "https://github.com/LuaLS/lua-language-server/releases/download/3.19.1/lua-language-server-3.19.1-win32-x64.zip"
url_api = "https://api.github.com/repos/LuaLS/lua-language-server/releases/assets/513572668"

[[tools.node]]
version = "26.10.0"
backend = "core:node"
specifiers = ["26.10.0"]

[tools.node."platforms.linux-x64"]
checksum = "sha256:cb5c9ce9c80d7b8821e3a258543c71b939138cf17c74d5cc44bbe85d6dbc5ad8"
url = "https://nodejs.org/dist/v26.10.0/node-v26.10.0-linux-x64.tar.gz"

[tools.node."platforms.windows-x64"]
checksum = "sha256:9fef7eca6743a6b910989cd8e78712376b394fcb9b6e1e9c44a0799a287f90c5"
url = "https://nodejs.org/dist/v26.10.0/node-v26.10.0-win-x64.zip"

[[tools."npm:ccstatusline"]]
version = "2.2.30"
aube = { path = "locks/npm-ccstatusline/2.2.30", digest = "sha256:df2c07c76c465a27faaae3a947d2eeb3ac2ecf3638f2ee82b878c3676638b79c" }
backend = "npm:ccstatusline"
specifiers = ["2.2.30"]

[[tools.nushell]]
version = "0.113.1"
backend = "aqua:nushell/nushell"
specifiers = ["0.113.1"]

[tools.nushell."platforms.linux-x64"]
checksum = "sha256:9008d309aaa35e29ed5d5985306a83e2bf5093e31677d4cd969914552d12b8fb"
url = "https://github.com/nushell/nushell/releases/download/0.113.1/nu-0.113.1-x86_64-unknown-linux-gnu.tar.gz"
url_api = "https://api.github.com/repos/nushell/nushell/releases/assets/433380313"

[tools.nushell."platforms.windows-x64"]
checksum = "sha256:fd3e56dac9f866d2d3fe2fabd6580c14371afdcec9ddda54624a50986d36b3d2"
url = "https://github.com/nushell/nushell/releases/download/0.113.1/nu-0.113.1-x86_64-pc-windows-msvc.zip"
url_api = "https://api.github.com/repos/nushell/nushell/releases/assets/433389998"

[[tools.opencode]]
version = "1.18.34"
backend = "aqua:anomalyco/opencode"
specifiers = ["1.18.34"]

[tools.opencode."platforms.linux-x64"]
checksum = "sha256:0f22479647226d1d2dd99595d20082ee7bda3870b62dc6a90b41efc1a71d7e9a"
url = "https://github.com/anomalyco/opencode/releases/download/v1.18.34/opencode-linux-x64.tar.gz"
url_api = "https://api.github.com/repos/anomalyco/opencode/releases/assets/601903965"

[tools.opencode."platforms.windows-x64"]
checksum = "sha256:8ec42ed1ad8db108052394b83ab69d0331398f761fbfff5fe50f91d65bdd3548"
url = "https://github.com/anomalyco/opencode/releases/download/v1.18.34/opencode-windows-x64.zip"
url_api = "https://api.github.com/repos/anomalyco/opencode/releases/assets/601908697"

[[tools."pypi:basedpyright"]]
version = "1.40.2"
backend = "pypi:basedpyright"
specifiers = ["1.40.2"]
uv = { path = "locks/pypi-basedpyright/1.40.2", digest = "sha256:35dd6aa65618b0457cf1a63d3e44a923d324bd1e5a3cee525daf13336aec0877" }

[[tools.python]]
version = "3.14.8"
backend = "core:python"
specifiers = ["3.14.8"]

[tools.python."platforms.linux-x64"]
checksum = "sha256:d9ec7a6935ade8b671a57ebaf111083d7314eab8dae5071d167054dadd2b97d6"
url = "https://github.com/astral-sh/python-build-standalone/releases/download/20261003/cpython-3.14.8+20261003-x86_64-unknown-linux-gnu-install_only_stripped.tar.gz"
provenance = "github-attestations"

[tools.python."platforms.windows-x64"]
checksum = "sha256:10e5705e44938ee78de35c62b30fdfe2945b53438343d04c0f53548cdd8e91b6"
url = "https://github.com/astral-sh/python-build-standalone/releases/download/20261003/cpython-3.14.8+20261003-x86_64-pc-windows-msvc-install_only_stripped.tar.gz"
provenance = "github-attestations"

[[tools.ripgrep]]
version = "15.2.0"
backend = "aqua:BurntSushi/ripgrep"
specifiers = ["15.2.0"]

[tools.ripgrep."platforms.linux-x64"]
checksum = "sha256:33e15bcf1624b25cdd2a55813a47a2f95dbe126268203e76aa6a585d1e7b149c"
url = "https://github.com/BurntSushi/ripgrep/releases/download/15.2.0/ripgrep-15.2.0-x86_64-unknown-linux-musl.tar.gz"
url_api = "https://api.github.com/repos/BurntSushi/ripgrep/releases/assets/478120097"

[tools.ripgrep."platforms.windows-x64"]
checksum = "sha256:71b2fef860abe467217a538ff31de02f5258807c0129f771846f87bd029aafc5"
url = "https://github.com/BurntSushi/ripgrep/releases/download/15.2.0/ripgrep-15.2.0-x86_64-pc-windows-msvc.zip"
url_api = "https://api.github.com/repos/BurntSushi/ripgrep/releases/assets/478119643"

[[tools.starship]]
version = "1.26.0"
backend = "aqua:starship/starship"
specifiers = ["1.26.0"]

[tools.starship."platforms.linux-x64"]
checksum = "sha256:321f0dd7af8340a5f2e6a8fec6538a04f617486f9ec70d878f91c09cd8deef22"
url = "https://github.com/starship/starship/releases/download/v1.26.0/starship-x86_64-unknown-linux-gnu.tar.gz"
url_api = "https://api.github.com/repos/starship/starship/releases/assets/460374620"

[tools.starship."platforms.windows-x64"]
checksum = "sha256:690021e22f2bf2c57d5867dc0fababe5e55e714c26942bd909ffddb6c5df42f2"
url = "https://github.com/starship/starship/releases/download/v1.26.0/starship-x86_64-pc-windows-msvc.zip"
url_api = "https://api.github.com/repos/starship/starship/releases/assets/460374615"

[[tools.uv]]
version = "0.12.23"
backend = "aqua:astral-sh/uv"
specifiers = ["0.12.23"]

[tools.uv."platforms.linux-x64"]
checksum = "sha256:9167d72b3319674b6303c4cbe071854bba13ebdf3d76b1a7cbdc175471fb66d6"
url = "https://github.com/astral-sh/uv/releases/download/0.12.23/uv-x86_64-unknown-linux-gnu.tar.gz"
url_api = "https://api.github.com/repos/astral-sh/uv/releases/assets/608232628"
provenance = "github-attestations"

[tools.uv."platforms.windows-x64"]
checksum = "sha256:75d05de6762778c31ee183398de7dd15093fad0ed90b1f236d8205ea5ec00c90"
url = "https://github.com/astral-sh/uv/releases/download/0.12.23/uv-x86_64-pc-windows-msvc.zip"
url_api = "https://api.github.com/repos/astral-sh/uv/releases/assets/608232617"
provenance = "github-attestations"

[[tools.zoxide]]
version = "0.10.0"
backend = "aqua:ajeetdsouza/zoxide"
specifiers = ["0.10.0"]

[tools.zoxide."platforms.linux-x64"]
checksum = "sha256:2d93385b99f3e82cf2701609a1bffcad863fbeb75aa3fe7eb6be4d29be68b1ae"
url = "https://github.com/ajeetdsouza/zoxide/releases/download/v0.10.0/zoxide-0.10.0-x86_64-unknown-linux-musl.tar.gz"
url_api = "https://api.github.com/repos/ajeetdsouza/zoxide/releases/assets/466316293"

[tools.zoxide."platforms.windows-x64"]
checksum = "sha256:f465ae548f8754c8e7edbc60b45fbf58c92bfe123db83d790252d6810fa5daf1"
url = "https://github.com/ajeetdsouza/zoxide/releases/download/v0.10.0/zoxide-0.10.0-x86_64-pc-windows-msvc.zip"
url_api = "https://api.github.com/repos/ajeetdsouza/zoxide/releases/assets/466316769"
