# @generated - this file is auto-generated by `mise lock` https://mise.jdx.dev/dev-tools/mise-lock.html

lockfile_version = 2

[[tools."github:DevToys-app/DevToys"]]
version = "2.0.9.0"
backend = "github:DevToys-app/DevToys"
specifiers = ["2.0.9.0"]

[tools."github:DevToys-app/DevToys".options]
asset_pattern = "devtoys.cli_linux_x64_portable.zip"

[tools."github:DevToys-app/DevToys"."platforms.linux-x64"]
checksum = "sha256:08ea1db86f0e9bfd8e591cbeb2102a16e7213b4512de378ba1c06449cbd225af"
url = "https://github.com/DevToys-app/DevToys/releases/download/v2.0.9.0/devtoys.cli_linux_x64_portable.zip"
url_api = "https://api.github.com/repos/DevToys-app/DevToys/releases/assets/338070567"

[tools."github:DevToys-app/DevToys"."platforms.windows-x64"]
checksum = "sha256:08ea1db86f0e9bfd8e591cbeb2102a16e7213b4512de378ba1c06449cbd225af"
url = "https://github.com/DevToys-app/DevToys/releases/download/v2.0.9.0/devtoys.cli_linux_x64_portable.zip"
url_api = "https://api.github.com/repos/DevToys-app/DevToys/releases/assets/338070567"

[[tools."github:can1357/oh-my-pi"]]
version = "18.0.11"
backend = "github:can1357/oh-my-pi"
specifiers = ["18.0.11"]

[tools."github:can1357/oh-my-pi"."platforms.linux-x64"]
checksum = "sha256:6054460b29e9bad5eba78336f291e1979c2fa0a5cd96fc2d92afd666cc681d26"
url = "https://github.com/can1357/oh-my-pi/releases/download/v18.0.11/omp-linux-x64"
url_api = "https://api.github.com/repos/can1357/oh-my-pi/releases/assets/535576894"

[tools."github:can1357/oh-my-pi"."platforms.windows-x64"]
checksum = "sha256:3402325fff22ab8972d890af28ca4ea6670bfc43aa5a9042b9b02b7ab93e6f6a"
url = "https://github.com/can1357/oh-my-pi/releases/download/v18.0.11/omp-windows-x64.exe"
url_api = "https://api.github.com/repos/can1357/oh-my-pi/releases/assets/535576886"

[[tools."github:pwndbg/pwndbg"]]
version = "2026.09.15"
backend = "github:pwndbg/pwndbg"
specifiers = ["2026.09.15"]

[tools."github:pwndbg/pwndbg".options]
asset_pattern = "pwndbg_{version}_x86_64-portable.tar.xz"
version_prefix = ""

[tools."github:pwndbg/pwndbg"."platforms.linux-x64"]
checksum = "sha256:7ba64666ee595885ba4b0e073f85e423829103e9fdbe921ba4eef1acd9150803"
url = "https://github.com/pwndbg/pwndbg/releases/download/2026.09.15/pwndbg_2026.09.15_x86_64-portable.tar.xz"
url_api = "https://api.github.com/repos/pwndbg/pwndbg/releases/assets/566633367"
provenance = "github-attestations"

[tools."github:pwndbg/pwndbg"."platforms.windows-x64"]
checksum = "sha256:7ba64666ee595885ba4b0e073f85e423829103e9fdbe921ba4eef1acd9150803"
url = "https://github.com/pwndbg/pwndbg/releases/download/2026.09.15/pwndbg_2026.09.15_x86_64-portable.tar.xz"
url_api = "https://api.github.com/repos/pwndbg/pwndbg/releases/assets/566633367"
provenance = "github-attestations"

[[tools.go]]
version = "1.27.0"
backend = "core:go"
specifiers = ["1.27.0"]

[tools.go."platforms.linux-x64"]
checksum = "sha256:675c26c449cbb18fc24b74650de1eabbae6e16f64326fd85a283fb3b58280685"
url = "https://dl.google.com/go/go1.27.0.linux-amd64.tar.gz"

[tools.go."platforms.windows-x64"]
checksum = "sha256:f0c0a0d33ba94f4d2c5dbc887334ce678b21813504ddb3aafcb06e60a5a667c4"
url = "https://dl.google.com/go/go1.27.0.windows-amd64.zip"

[[tools."go:golang.org/x/tools/gopls"]]
version = "0.23.0"
backend = "go:golang.org/x/tools/gopls"
specifiers = ["0.23.0"]

[[tools.herdr]]
version = "0.9.1"
backend = "aqua:herdrdev/herdr"
specifiers = ["0.9.1"]

[tools.herdr."platforms.linux-x64"]
checksum = "sha256:2a02fed16beb651ef006e1d43f048f652ca4dc58ad053cd2d44450563d5c54b7"
url = "https://github.com/herdrdev/herdr/releases/download/v0.9.1/herdr-linux-x86_64"
url_api = "https://api.github.com/repos/herdrdev/herdr/releases/assets/568559679"

[tools.herdr."platforms.windows-x64"]
checksum = "sha256:04ce380cac5af27bfcf75d0951ac49b7afe4c984aee8852985806d4f71f93a6e"
url = "https://github.com/herdrdev/herdr/releases/download/v0.9.1/herdr-windows-x86_64.zip"
url_api = "https://api.github.com/repos/herdrdev/herdr/releases/assets/568559681"

[[tools.lua-language-server]]
version = "3.19.1"
backend = "aqua:LuaLS/lua-language-server"
specifiers = ["3.19.1"]

[tools.lua-language-server."platforms.linux-x64"]
checksum = "sha256:e9235d2d72ef55bc41cf8c99cda2ed64777682024b4bb81f5dea425060c5cbb8"
url = "https://github.com/LuaLS/lua-language-server/releases/download/3.19.1/lua-language-server-3.19.1-linux-x64.tar.gz"
url_api = "https://api.github.com/repos/LuaLS/lua-language-server/releases/assets/513572259"

[tools.lua-language-server."platforms.windows-x64"]
checksum = "sha256:fdb9a59108cf62517813c97fa5549b0e16d1ef0688306bac728b08434db7e4cd"
url = "https://github.com/LuaLS/lua-language-server/releases/download/3.19.1/lua-language-server-3.19.1-win32-x64.zip"
url_api = "https://api.github.com/repos/LuaLS/lua-language-server/releases/assets/513572668"

[[tools.node]]
version = "26.8.1"
backend = "core:node"
specifiers = ["26.8.1"]

[tools.node."platforms.linux-x64"]
checksum = "sha256:b2b76660fa4ded4e0b2a41ee3c0c651cd52ea8170ead91ebac1e147ac3d55643"
url = "https://nodejs.org/dist/v26.8.1/node-v26.8.1-linux-x64.tar.gz"

[tools.node."platforms.windows-x64"]
checksum = "sha256:57693d8e93d1b04e7b7de46aca53ecd63e97564e73de36a68428d7ff08d83587"
url = "https://nodejs.org/dist/v26.8.1/node-v26.8.1-win-x64.zip"

[[tools."npm:ccstatusline"]]
version = "2.2.30"
aube = { path = "locks/mise.dev/npm-ccstatusline/2.2.30", digest = "sha256:df2c07c76c465a27faaae3a947d2eeb3ac2ecf3638f2ee82b878c3676638b79c" }
backend = "npm:ccstatusline"
specifiers = ["2.2.30"]

[[tools.opencode]]
version = "1.18.25"
backend = "aqua:anomalyco/opencode"
specifiers = ["1.18.25"]

[tools.opencode."platforms.linux-x64"]
checksum = "sha256:58a3729a6f3432dd6d2917fcc4a949788891a035818646ad480e12c947f56e78"
url = "https://github.com/anomalyco/opencode/releases/download/v1.18.25/opencode-linux-x64.tar.gz"
url_api = "https://api.github.com/repos/anomalyco/opencode/releases/assets/533313461"

[tools.opencode."platforms.windows-x64"]
checksum = "sha256:831e213e5f454d6e8b26f0fb24c7b3d42b40e47d73d154672a9192702eb08416"
url = "https://github.com/anomalyco/opencode/releases/download/v1.18.25/opencode-windows-x64.zip"
url_api = "https://api.github.com/repos/anomalyco/opencode/releases/assets/533315557"

[[tools."pypi:basedpyright"]]
version = "1.40.1"
backend = "pypi:basedpyright"
specifiers = ["1.40.1"]
