# @generated - this file is auto-generated by `mise lock` https://mise.jdx.dev/dev-tools/mise-lock.html

lockfile_version = 2

[conda-packages.linux-x64."_openmp_mutex-4.5-20_gnu"]
url = "https://conda.anaconda.org/conda-forge/linux-64/_openmp_mutex-4.5-20_gnu.conda"
checksum = "sha256:1dd3fffd892081df9726d7eb7e0dea6198962ba775bd88842135a4ddb4deb3c9"

[conda-packages.linux-x64."bzip2-1.0.8-hda65f42_10"]
url = "https://conda.anaconda.org/conda-forge/linux-64/bzip2-1.0.8-hda65f42_10.conda"
checksum = "sha256:1a0d382c515ebf55f8ee1f38c8b81bc95af5c2acc42ad53b66bc5df932032f96"

[conda-packages.linux-x64."ca-certificates-2026.7.22-hbd8a1cb_0"]
url = "https://conda.anaconda.org/conda-forge/noarch/ca-certificates-2026.7.22-hbd8a1cb_0.conda"
checksum = "sha256:0a0544cf95f64394fe4959286f5c71f5444ad58feb0602e53becb27448d24da6"

[conda-packages.linux-x64."libgcc-16.2.0-ha9f2e26_7"]
url = "https://conda.anaconda.org/conda-forge/linux-64/libgcc-16.2.0-ha9f2e26_7.conda"
checksum = "sha256:e031634c3a928f9594eba868bc46ef5230d6571a364a0c63215b06c4563bfcea"

[conda-packages.linux-x64."libgit2-1.9.7-hf27fc33_1"]
url = "https://conda.anaconda.org/conda-forge/linux-64/libgit2-1.9.7-hf27fc33_1.conda"
checksum = "sha256:5b213ad90ba7eb0ba3a23c32f413fe9a1163d492e218e7283a9f5ade67fa49aa"

[conda-packages.linux-x64."libgomp-16.2.0-he0feb66_7"]
url = "https://conda.anaconda.org/conda-forge/linux-64/libgomp-16.2.0-he0feb66_7.conda"
checksum = "sha256:92a0bb350c7be6a4eedcb4e111c60aefd176018e6b1c009a6e025dbe9bbcd758"

[conda-packages.linux-x64."libssh2-1.11.1-h6154650_1"]
url = "https://conda.anaconda.org/conda-forge/linux-64/libssh2-1.11.1-h6154650_1.conda"
checksum = "sha256:7e463000fa1cba3f3a6597b776f6ab301d425a96e3bc20d0d9d76a3b9f237aa3"

[conda-packages.linux-x64."libstdcxx-16.2.0-h934c35e_7"]
url = "https://conda.anaconda.org/conda-forge/linux-64/libstdcxx-16.2.0-h934c35e_7.conda"
checksum = "sha256:fa7018298629fc429971fffd6ecba3d27a7b02e4e890d6a93ea01ffebe8cb745"

[conda-packages.linux-x64."libxcb-1.17.0-hb83e432_2"]
url = "https://conda.anaconda.org/conda-forge/linux-64/libxcb-1.17.0-hb83e432_2.conda"
checksum = "sha256:7b49e6fd2a584b7f072943e6adf4149677af5121246975278804782d37752837"

[conda-packages.linux-x64."libzlib-1.3.2-h25fd6f3_3"]
url = "https://conda.anaconda.org/conda-forge/linux-64/libzlib-1.3.2-h25fd6f3_3.conda"
checksum = "sha256:eb8a0db0aa570124f7d2a93d7c7f596e3390df5e047818d873baad32985fc736"

[conda-packages.linux-x64."openssl-3.6.5-h781a0a9_0"]
url = "https://conda.anaconda.org/conda-forge/linux-64/openssl-3.6.5-h781a0a9_0.conda"
checksum = "sha256:9c1533f1cf784f0e250919c0c9762d0b0e6bc727a79290ffb7cea1ceca1d038c"

[conda-packages.linux-x64."pcre2-10.47-h8b3dc9c_1"]
url = "https://conda.anaconda.org/conda-forge/linux-64/pcre2-10.47-h8b3dc9c_1.conda"
checksum = "sha256:9ebb10a4eb3be51ae67d85c679f5a7a50cb040ed25c783e6331a225ea09991d4"

[conda-packages.linux-x64."pthread-stubs-0.4-h7cc23a3_1004"]
url = "https://conda.anaconda.org/conda-forge/linux-64/pthread-stubs-0.4-h7cc23a3_1004.conda"
checksum = "sha256:4a44fd00ea73b79ca2c89b0727b9ccf61c506ead71e67a9abfa4c590042b5a4a"

[conda-packages.linux-x64."xorg-libxau-1.0.12-h7cc23a3_2"]
url = "https://conda.anaconda.org/conda-forge/linux-64/xorg-libxau-1.0.12-h7cc23a3_2.conda"
checksum = "sha256:3ec065b94554dc48a4ca582a960a5484bc166b26e83ce0954653e08d17e8bd53"

[conda-packages.linux-x64."xorg-libxdmcp-1.1.5-h7cc23a3_2"]
url = "https://conda.anaconda.org/conda-forge/linux-64/xorg-libxdmcp-1.1.5-h7cc23a3_2.conda"
checksum = "sha256:8a095df9bc1d2e50f2504ce8858a047ae29ea634aad6cc0b43298c63361da6d9"

[[tools.age]]
version = "1.3.2"
backend = "aqua:FiloSottile/age"
specifiers = ["1.3.2"]

[tools.age."platforms.linux-x64"]
checksum = "sha256:cbe24006683f8eb669266162894b9a522a1af52f2665fbc63a4bb032ed26ac10"
url = "https://github.com/FiloSottile/age/releases/download/v1.3.2/age-v1.3.2-linux-amd64.tar.gz"
url_api = "https://api.github.com/repos/FiloSottile/age/releases/assets/535541903"
provenance = "github-attestations"

[[tools.btop]]
version = "1.4.7"
backend = "aqua:aristocratos/btop"
specifiers = ["1.4.7"]

[tools.btop."platforms.linux-x64"]
checksum = "sha256:5099054dd6a101bd12eb6ff3702a9a6a3f57aaa27923a0da478ae5b517faf335"
url = "https://github.com/aristocratos/btop/releases/download/v1.4.7/btop-x86_64-unknown-linux-musl.tar.gz"
url_api = "https://api.github.com/repos/aristocratos/btop/releases/assets/409963672"

[[tools.cheat]]
version = "5.1.0"
backend = "aqua:cheat/cheat"
specifiers = ["5.1.0"]

[tools.cheat."platforms.linux-x64"]
checksum = "sha256:8c8405574d51d63ee89594bfed241f478d507d96af78e5c370dcbe65633d7b34"
url = "https://github.com/cheat/cheat/releases/download/5.1.0/cheat-linux-amd64.gz"
url_api = "https://api.github.com/repos/cheat/cheat/releases/assets/356479028"

[[tools."conda:ast-grep"]]
version = "0.45.3"
backend = "conda:ast-grep"
specifiers = ["0.45.3"]

[tools."conda:ast-grep".options]
channel = "conda-forge"

[tools."conda:ast-grep"."platforms.linux-x64"]
checksum = "sha256:5f4cdbd6007a44a6f4573a020c5c40a105bada1cea934f9bd1c5fa97cb833066"
url = "https://conda.anaconda.org/conda-forge/linux-64/ast-grep-0.45.3-he17df78_0.conda"
conda_deps = [
    "libstdcxx-16.2.0-h934c35e_7",
    "libgcc-16.2.0-ha9f2e26_7",
    "_openmp_mutex-4.5-20_gnu",
    "libgomp-16.2.0-he0feb66_7",
]

[[tools."conda:gitlogue"]]
version = "0.12.0"
backend = "conda:gitlogue"
specifiers = ["0.12.0"]

[tools."conda:gitlogue".options]
channel = "conda-forge"

[tools."conda:gitlogue"."platforms.linux-x64"]
checksum = "sha256:ddb2e096c6b7be1c610dfc04b01761468c0f69eb77d9c9d66b8469b37d6dca51"
url = "https://conda.anaconda.org/conda-forge/linux-64/gitlogue-0.12.0-h64181f6_0.conda"
conda_deps = [
    "libgcc-16.2.0-ha9f2e26_7",
    "libgit2-1.9.7-hf27fc33_1",
    "libstdcxx-16.2.0-h934c35e_7",
    "_openmp_mutex-4.5-20_gnu",
    "libgomp-16.2.0-he0feb66_7",
    "libssh2-1.11.1-h6154650_1",
    "libzlib-1.3.2-h25fd6f3_3",
    "pcre2-10.47-h8b3dc9c_1",
    "openssl-3.6.5-h781a0a9_0",
    "ca-certificates-2026.7.22-hbd8a1cb_0",
    "bzip2-1.0.8-hda65f42_10",
]

[[tools."conda:helix"]]
version = "25.07.1"
backend = "conda:helix"
specifiers = ["25.07.1"]

[tools."conda:helix".options]
channel = "conda-forge"

[tools."conda:helix"."platforms.linux-x64"]
checksum = "sha256:dff14475505ee84500d5785a6efd2394f961dd91bb53ec40ac883aa123b1b61e"
url = "https://conda.anaconda.org/conda-forge/linux-64/helix-25.07.1-h88e8641_2.conda"
conda_deps = [
    "libstdcxx-16.2.0-h934c35e_7",
    "libgcc-16.2.0-ha9f2e26_7",
    "_openmp_mutex-4.5-20_gnu",
    "libgomp-16.2.0-he0feb66_7",
]

[[tools."conda:htmlq"]]
version = "0.4.0"
backend = "conda:htmlq"
specifiers = ["0.4.0"]

[tools."conda:htmlq".options]
channel = "conda-forge"

[tools."conda:htmlq"."platforms.linux-x64"]
checksum = "sha256:6a3ec5ad6486024645237f3640f6b70ffa106bc9b714df364122d655e4946702"
url = "https://conda.anaconda.org/conda-forge/linux-64/htmlq-0.4.0-hb17b654_1.conda"
conda_deps = [
    "libgcc-16.2.0-ha9f2e26_7",
    "_openmp_mutex-4.5-20_gnu",
    "libgomp-16.2.0-he0feb66_7",
]

[[tools."conda:jless"]]
version = "0.9.0"
backend = "conda:jless"
specifiers = ["0.9.0"]

[tools."conda:jless".options]
channel = "conda-forge"

[tools."conda:jless"."platforms.linux-x64"]
checksum = "sha256:500a9b80e900ee7c7512e3ae69055bfcf625565d5427519c3ce0f1ad2e624c82"
url = "https://conda.anaconda.org/conda-forge/linux-64/jless-0.9.0-h5014ea6_1.conda"
conda_deps = [
    "libgcc-16.2.0-ha9f2e26_7",
    "libxcb-1.17.0-hb83e432_2",
    "_openmp_mutex-4.5-20_gnu",
    "libgomp-16.2.0-he0feb66_7",
    "pthread-stubs-0.4-h7cc23a3_1004",
    "xorg-libxau-1.0.12-h7cc23a3_2",
    "xorg-libxdmcp-1.1.5-h7cc23a3_2",
]

[[tools."conda:pueue"]]
version = "4.0.4"
backend = "conda:pueue"
specifiers = ["4.0.4"]

[tools."conda:pueue".options]
channel = "conda-forge"

[tools."conda:pueue"."platforms.linux-x64"]
checksum = "sha256:49f3a23fe58450f0a29ec656cd32646192603f17e256feafccbadb01f6501e28"
url = "https://conda.anaconda.org/conda-forge/linux-64/pueue-4.0.4-hb17b654_0.conda"
conda_deps = [
    "libgcc-16.2.0-ha9f2e26_7",
    "_openmp_mutex-4.5-20_gnu",
    "libgomp-16.2.0-he0feb66_7",
]

[[tools."conda:tree-sitter-cli"]]
version = "0.27.0"
backend = "conda:tree-sitter-cli"
specifiers = ["0.27.0"]

[tools."conda:tree-sitter-cli".options]
channel = "conda-forge"

[tools."conda:tree-sitter-cli"."platforms.linux-x64"]
checksum = "sha256:b7fa9523db9091171f9d8e6c4f6aeef10ab9a6fdec5f63a5ad97f2bb8d3f40d1"
url = "https://conda.anaconda.org/conda-forge/linux-64/tree-sitter-cli-0.27.0-hc7555a6_0.conda"
conda_deps = [
    "libgcc-16.2.0-ha9f2e26_7",
    "_openmp_mutex-4.5-20_gnu",
    "libgomp-16.2.0-he0feb66_7",
]

[[tools.croc]]
version = "11.5.4"
backend = "aqua:schollz/croc"
specifiers = ["11.5.4"]

[tools.croc."platforms.linux-x64"]
checksum = "sha256:577f2c4170fac3f8ab244e325cdeea5644788e1cd7620f592a5d365ee349d556"
url = "https://github.com/schollz/croc/releases/download/v11.5.4/croc_v11.5.4_Linux-64bit.tar.gz"
url_api = "https://api.github.com/repos/schollz/croc/releases/assets/591524497"

[[tools.ctop]]
version = "0.7.7"
backend = "aqua:bcicen/ctop"
specifiers = ["0.7.7"]

[tools.ctop."platforms.linux-x64"]
checksum = "sha256:b78374734ebe3d14b6edee3d5512c911c250d7fa7f3f964cb00acd3bc5a02a09"
url = "https://github.com/bcicen/ctop/releases/download/v0.7.7/ctop-0.7.7-linux-amd64"
url_api = "https://api.github.com/repos/bcicen/ctop/releases/assets/60241476"

[[tools.dive]]
version = "0.13.1"
backend = "aqua:wagoodman/dive"
specifiers = ["0.13.1"]

[tools.dive."platforms.linux-x64"]
checksum = "sha256:0970549eb4a306f8825a84145a2534153badb4d7dcf3febd1967c706367c3d0e"
url = "https://github.com/wagoodman/dive/releases/download/v0.13.1/dive_0.13.1_linux_amd64.tar.gz"
url_api = "https://api.github.com/repos/wagoodman/dive/releases/assets/241842462"

[[tools.doggo]]
version = "1.4.0"
backend = "aqua:mr-karan/doggo"
specifiers = ["1.4.0"]

[tools.doggo."platforms.linux-x64"]
checksum = "sha256:f85e2471737677a5fa65491b4241e0f46960aae6cc2211cc660ee6394a1a3d06"
url = "https://github.com/mr-karan/doggo/releases/download/v1.4.0/doggo-linux-x86_64.tar.gz"
url_api = "https://api.github.com/repos/mr-karan/doggo/releases/assets/539320012"

[[tools.fx]]
version = "39.2.0"
backend = "aqua:antonmedv/fx"
specifiers = ["39.2.0"]

[tools.fx."platforms.linux-x64"]
checksum = "sha256:17ea6549c7cf0b8be5ec109d04da7fbf1d5de9f7b99d957a6215081933528afe"
url = "https://github.com/antonmedv/fx/releases/download/39.2.0/fx_linux_amd64"
url_api = "https://api.github.com/repos/antonmedv/fx/releases/assets/315468989"

[[tools."github:Canop/broot"]]
version = "1.61.0"
backend = "github:Canop/broot"
specifiers = ["1.61.0"]

[tools."github:Canop/broot".options]
asset_pattern = "broot_{version}.zip"

[tools."github:Canop/broot"."platforms.linux-x64"]
checksum = "sha256:6cafe8e993fb8e5684eb25549703a4fb9dec61ac6a8f1947cbed6566cb4e58e5"
url = "https://github.com/Canop/broot/releases/download/v1.61.0/broot_1.61.0.zip"
url_api = "https://api.github.com/repos/Canop/broot/releases/assets/607821944"

[[tools."github:ClementTsang/bottom"]]
version = "0.14.9"
backend = "github:ClementTsang/bottom"
specifiers = ["0.14.9"]

[tools."github:ClementTsang/bottom".options]
asset_pattern = "bottom_x86_64-unknown-linux-musl.tar.gz"

[tools."github:ClementTsang/bottom"."platforms.linux-x64"]
checksum = "sha256:b4bee5b193e7d3f6e090ac14f0ca15acec2e7fe4ef64988e0bfc492e16c28c9a"
url = "https://github.com/ClementTsang/bottom/releases/download/0.14.9/bottom_x86_64-unknown-linux-musl.tar.gz"
url_api = "https://api.github.com/repos/ClementTsang/bottom/releases/assets/531978168"
provenance = "github-attestations"

[[tools."github:Wilfred/difftastic"]]
version = "0.71.0"
backend = "github:Wilfred/difftastic"
specifiers = ["0.71.0"]

[tools."github:Wilfred/difftastic".options]
asset_pattern = "difft-{version}-x86_64-unknown-linux-musl.tar.gz"

[tools."github:Wilfred/difftastic"."platforms.linux-x64"]
checksum = "sha256:0a65e6715df992b0adae012e606bd9cc74fa6cfe90eaf13bbae165a0a19b3086"
url = "https://github.com/Wilfred/difftastic/releases/download/0.71.0/difft-0.71.0-x86_64-unknown-linux-musl.tar.gz"
url_api = "https://api.github.com/repos/Wilfred/difftastic/releases/assets/573541111"

[[tools."github:YS-L/csvlens"]]
version = "0.15.1"
backend = "github:YS-L/csvlens"
specifiers = ["0.15.1"]

[tools."github:YS-L/csvlens".options]
asset_pattern = "csvlens-x86_64-unknown-linux-musl.tar.xz"

[tools."github:YS-L/csvlens"."platforms.linux-x64"]
checksum = "sha256:ab086b420e453618fd1544eb4e09cc98279e8570b739725592feb241cd1bef4b"
url = "https://github.com/YS-L/csvlens/releases/download/v0.15.1/csvlens-x86_64-unknown-linux-musl.tar.xz"
url_api = "https://api.github.com/repos/YS-L/csvlens/releases/assets/337979733"

[[tools."github:al13n321/nnd"]]
version = "0.80"
backend = "github:al13n321/nnd"
specifiers = ["0.80"]

[tools."github:al13n321/nnd".options]
asset_pattern = "nnd"

[tools."github:al13n321/nnd"."platforms.linux-x64"]
checksum = "sha256:0bec725a1a519d730d6a377c6fba08c90ccfe2ced99d31ab4b9572e2918af8fd"
url = "https://github.com/al13n321/nnd/releases/download/v0.80/nnd"
url_api = "https://api.github.com/repos/al13n321/nnd/releases/assets/470828150"

[[tools."github:alexpasmantier/television"]]
version = "0.15.9"
backend = "github:alexpasmantier/television"
specifiers = ["0.15.9"]

[tools."github:alexpasmantier/television".options]
asset_pattern = "tv-{version}-x86_64-unknown-linux-musl.tar.gz"

[tools."github:alexpasmantier/television"."platforms.linux-x64"]
checksum = "sha256:3410e34132f4e44fd439c711f08c15b3a21f51630657cb03f248b2c7aef3e29a"
url = "https://github.com/alexpasmantier/television/releases/download/0.15.9/tv-0.15.9-x86_64-unknown-linux-musl.tar.gz"
url_api = "https://api.github.com/repos/alexpasmantier/television/releases/assets/447569675"

[[tools."github:bootandy/dust"]]
version = "1.2.6"
backend = "github:bootandy/dust"
specifiers = ["1.2.6"]

[tools."github:bootandy/dust".options]
asset_pattern = "dust-v{version}-x86_64-unknown-linux-musl.tar.gz"

[tools."github:bootandy/dust"."platforms.linux-x64"]
checksum = "sha256:cbf2cb5c9d6227e46fc4b29c03dc43b8632020dfc5cf269d263d6e29c399e044"
url = "https://github.com/bootandy/dust/releases/download/v1.2.6/dust-v1.2.6-x86_64-unknown-linux-musl.tar.gz"
url_api = "https://api.github.com/repos/bootandy/dust/releases/assets/568853682"

[[tools."github:boyter/scc"]]
version = "4.1.0"
backend = "github:boyter/scc"
specifiers = ["4.1.0"]

[tools."github:boyter/scc".options]
asset_pattern = "scc_Linux_x86_64.tar.gz"

[tools."github:boyter/scc"."platforms.linux-x64"]
checksum = "sha256:c7328436d3027f4357d3d7853f7dc3ac2bbcb4ca08f1adad91a27c593884079b"
url = "https://github.com/boyter/scc/releases/download/v4.1.0/scc_Linux_x86_64.tar.gz"
url_api = "https://api.github.com/repos/boyter/scc/releases/assets/549478876"

[[tools."github:chmln/sd"]]
version = "1.1.0"
backend = "github:chmln/sd"
specifiers = ["1.1.0"]

[tools."github:chmln/sd".options]
asset_pattern = "sd-v{version}-x86_64-unknown-linux-musl.tar.gz"

[tools."github:chmln/sd"."platforms.linux-x64"]
checksum = "sha256:02f00f4777d43e8e95b7b8d49e1a0d6e502fed4b8e79c1c8b8063857a30caa2e"
url = "https://github.com/chmln/sd/releases/download/v1.1.0/sd-v1.1.0-x86_64-unknown-linux-musl.tar.gz"
url_api = "https://api.github.com/repos/chmln/sd/releases/assets/362325321"

[[tools."github:dalance/procs"]]
version = "0.14.12"
backend = "github:dalance/procs"
specifiers = ["0.14.12"]

[tools."github:dalance/procs".options]
asset_pattern = "procs-v{version}-x86_64-linux.zip"

[tools."github:dalance/procs"."platforms.linux-x64"]
checksum = "sha256:81964faf9d5cd0e9f399d5d0954fb6fe4d4d9f7d3cbec4507633df5a45b11713"
url = "https://github.com/dalance/procs/releases/download/v0.14.12/procs-v0.14.12-x86_64-linux.zip"
url_api = "https://api.github.com/repos/dalance/procs/releases/assets/457525859"

[[tools."github:dathere/qsv"]]
version = "23.0.1"
backend = "github:dathere/qsv"
specifiers = ["23.0.1"]

[tools."github:dathere/qsv".options]
asset_pattern = "qsv-{version}-x86_64-unknown-linux-musl.zip"

[tools."github:dathere/qsv"."platforms.linux-x64"]
checksum = "sha256:e4175df7ecb74b91b5b481ffb96f5adbd7e9ea129c1954bfb280b21cba325433"
url = "https://github.com/dathere/qsv/releases/download/23.0.1/qsv-23.0.1-x86_64-unknown-linux-musl.zip"
url_api = "https://api.github.com/repos/dathere/qsv/releases/assets/560347953"

[[tools."github:dj95/zjstatus"]]
version = "0.25.0"
backend = "github:dj95/zjstatus"
specifiers = ["0.25.0"]

[tools."github:dj95/zjstatus".options]
asset_pattern = "zjstatus.wasm"

[tools."github:dj95/zjstatus"."platforms.linux-x64"]
checksum = "sha256:282ceab219e56e1908c9fac33907241fe6c3e1ef7d85faab3e5f438cef87b8fe"
url = "https://github.com/dj95/zjstatus/releases/download/v0.25.0/zjstatus.wasm"
url_api = "https://api.github.com/repos/dj95/zjstatus/releases/assets/532710175"

[[tools."github:fastfetch-cli/fastfetch"]]
version = "2.69.0"
backend = "github:fastfetch-cli/fastfetch"
specifiers = ["2.69.0"]

[tools."github:fastfetch-cli/fastfetch".options]
asset_pattern = "fastfetch-linux-amd64-polyfilled.tar.gz"

[tools."github:fastfetch-cli/fastfetch"."platforms.linux-x64"]
checksum = "sha256:3b97d4a18106987ed8fdae06f853a3381a1ba1623c97fe6261d32cd0e8514e1f"
url = "https://github.com/fastfetch-cli/fastfetch/releases/download/2.69.0/fastfetch-linux-amd64-polyfilled.tar.gz"
url_api = "https://api.github.com/repos/fastfetch-cli/fastfetch/releases/assets/588203827"

[[tools."github:fujiapple852/trippy"]]
version = "0.13.0"
backend = "github:fujiapple852/trippy"
specifiers = ["0.13.0"]

[tools."github:fujiapple852/trippy".options]
asset_pattern = "trippy-{version}-x86_64-unknown-linux-musl.tar.gz"

[tools."github:fujiapple852/trippy"."platforms.linux-x64"]
checksum = "blake3:68e5c67f4c48915207e72361bb4951f58796ba14bfdf38a138a6e8beeafdb7ff"
url = "https://github.com/fujiapple852/trippy/releases/download/0.13.0/trippy-0.13.0-x86_64-unknown-linux-musl.tar.gz"
url_api = "https://api.github.com/repos/fujiapple852/trippy/releases/assets/251999050"

[[tools."github:imsnif/bandwhich"]]
version = "0.23.1"
backend = "github:imsnif/bandwhich"
specifiers = ["0.23.1"]

[tools."github:imsnif/bandwhich".options]
asset_pattern = "bandwhich-v{version}-x86_64-unknown-linux-musl.tar.gz"

[tools."github:imsnif/bandwhich"."platforms.linux-x64"]
checksum = "blake3:7e106d4a7d253b44f79165068429c89de45324e12afa2449acc0ccd14dff18f4"
url = "https://github.com/imsnif/bandwhich/releases/download/v0.23.1/bandwhich-v0.23.1-x86_64-unknown-linux-musl.tar.gz"
url_api = "https://api.github.com/repos/imsnif/bandwhich/releases/assets/197610170"

[[tools."github:jarun/nnn"]]
version = "5.3"
backend = "github:jarun/nnn"
specifiers = ["5.3"]

[tools."github:jarun/nnn".options]
asset_pattern = "nnn-musl-static-{version}.x86_64.tar.gz"

[tools."github:jarun/nnn"."platforms.linux-x64"]
checksum = "sha256:ba36a4013f6bea3150e27c6ecfd550ce77abb6c90d6aa376466ec60d17ac3345"
url = "https://github.com/jarun/nnn/releases/download/v5.3/nnn-musl-static-5.3.x86_64.tar.gz"
url_api = "https://api.github.com/repos/jarun/nnn/releases/assets/515762610"

[[tools."github:multiprocessio/dsq"]]
version = "0.23.0"
backend = "github:multiprocessio/dsq"
specifiers = ["0.23.0"]

[tools."github:multiprocessio/dsq"."platforms.linux-x64"]
checksum = "blake3:96cc0f5dd5c38b758d20f2c4f85242469238fad4a2839252916153d1bd1cbda9"
url = "https://github.com/multiprocessio/dsq/releases/download/v0.23.0/dsq-linux-x64-v0.23.0.zip"
url_api = "https://api.github.com/repos/multiprocessio/dsq/releases/assets/81728447"

[[tools."github:neovim/neovim-releases"]]
version = "0.12.5"
backend = "github:neovim/neovim-releases"
specifiers = ["0.12.5"]

[tools."github:neovim/neovim-releases".options]
asset_pattern = "nvim-linux-x86_64.tar.gz"

[tools."github:neovim/neovim-releases"."platforms.linux-x64"]
checksum = "sha256:9e4a0e9c2aebbcf1eb5f6cdf645b460c9249f517650d0191170f9f152ecfd721"
url = "https://github.com/neovim/neovim-releases/releases/download/v0.12.5/nvim-linux-x86_64.tar.gz"
url_api = "https://api.github.com/repos/neovim/neovim-releases/releases/assets/574819112"

[[tools."github:orf/gping"]]
version = "1.21.0"
backend = "github:orf/gping"
specifiers = ["1.21.0"]

[tools."github:orf/gping".options]
asset_pattern = "gping-Linux-musl-x86_64.tar.gz"
version_prefix = "gping-v"

[tools."github:orf/gping"."platforms.linux-x64"]
checksum = "sha256:cea59e22f6faf941f054cf0925433a2e3e4e6c42dc5c778b0265279a5056aeec"
url = "https://github.com/orf/gping/releases/download/gping-v1.21.0/gping-Linux-musl-x86_64.tar.gz"
url_api = "https://api.github.com/repos/orf/gping/releases/assets/538478143"

[[tools."github:ouch-org/ouch"]]
version = "0.8.3"
backend = "github:ouch-org/ouch"
specifiers = ["0.8.3"]

[tools."github:ouch-org/ouch".options]
asset_pattern = "ouch-x86_64-unknown-linux-musl.tar.gz"

[tools."github:ouch-org/ouch"."platforms.linux-x64"]
checksum = "sha256:eaab9b997a823f584557ac5f85205105ae577a4c4fbd23926b686469cfa19881"
url = "https://github.com/ouch-org/ouch/releases/download/0.8.3/ouch-x86_64-unknown-linux-musl.tar.gz"
url_api = "https://api.github.com/repos/ouch-org/ouch/releases/assets/561447591"

[[tools."github:pwndbg/pwndbg"]]
version = "2026.09.15"
backend = "github:pwndbg/pwndbg"
specifiers = ["2026.09.15"]

[tools."github:pwndbg/pwndbg".options]
asset_pattern = "pwndbg_{version}_x86_64-portable.tar.xz"
version_prefix = ""

[tools."github:pwndbg/pwndbg"."platforms.linux-x64"]
checksum = "sha256:7ba64666ee595885ba4b0e073f85e423829103e9fdbe921ba4eef1acd9150803"
url = "https://github.com/pwndbg/pwndbg/releases/download/2026.09.15/pwndbg_2026.09.15_x86_64-portable.tar.xz"
url_api = "https://api.github.com/repos/pwndbg/pwndbg/releases/assets/566633367"
provenance = "github-attestations"

[[tools."github:tealdeer-rs/tealdeer"]]
version = "1.9.0"
backend = "github:tealdeer-rs/tealdeer"
specifiers = ["1.9.0"]

[tools."github:tealdeer-rs/tealdeer".options]
asset_pattern = "tealdeer-linux-x86_64-musl"

[tools."github:tealdeer-rs/tealdeer"."platforms.linux-x64"]
checksum = "sha256:dc7263b550e90c0689ea2cb434e3144469805d5dddecbb1f7fc534e1185b7408"
url = "https://github.com/tealdeer-rs/tealdeer/releases/download/v1.9.0/tealdeer-linux-x86_64-musl"
url_api = "https://api.github.com/repos/tealdeer-rs/tealdeer/releases/assets/527792725"

[[tools."github:tummychow/git-absorb"]]
version = "0.9.0"
backend = "github:tummychow/git-absorb"
specifiers = ["0.9.0"]

[tools."github:tummychow/git-absorb".options]
asset_pattern = "git-absorb-{version}-x86_64-unknown-linux-musl.tar.gz"

[tools."github:tummychow/git-absorb"."platforms.linux-x64"]
checksum = "sha256:517b442260a38617b05df0078b9e659b95068fabe8d0a83a33589d15f198d9a7"
url = "https://github.com/tummychow/git-absorb/releases/download/0.9.0/git-absorb-0.9.0-x86_64-unknown-linux-musl.tar.gz"
url_api = "https://api.github.com/repos/tummychow/git-absorb/releases/assets/355709221"

[[tools."github:watchexec/watchexec"]]
version = "2.7.4"
backend = "github:watchexec/watchexec"
specifiers = ["2.7.4"]

[tools."github:watchexec/watchexec".options]
asset_pattern = "watchexec-{version}-x86_64-unknown-linux-musl.tar.xz"

[tools."github:watchexec/watchexec"."platforms.linux-x64"]
checksum = "sha256:00a4be01add74acfaa37978081b331d60f4691f7e39b2028e5301242d61a464b"
url = "https://github.com/watchexec/watchexec/releases/download/v2.7.4/watchexec-2.7.4-x86_64-unknown-linux-musl.tar.xz"
url_api = "https://api.github.com/repos/watchexec/watchexec/releases/assets/605904457"

[[tools."github:xo/usql"]]
version = "0.21.6"
backend = "github:xo/usql"
specifiers = ["0.21.6"]

[tools."github:xo/usql".options]
asset_pattern = "usql_static-{version}-linux-amd64.tar.bz2"

[tools."github:xo/usql"."platforms.linux-x64"]
checksum = "sha256:046b25a4ce8d16b200d38a47e85c45c5eb694eb5ae071a21436d39fe08a897bc"
url = "https://github.com/xo/usql/releases/download/v0.21.6/usql_static-0.21.6-linux-amd64.tar.bz2"
url_api = "https://api.github.com/repos/xo/usql/releases/assets/582302124"

[[tools.gitleaks]]
version = "8.30.1"
backend = "aqua:gitleaks/gitleaks"
specifiers = ["8.30.1"]

[tools.gitleaks."platforms.linux-x64"]
checksum = "sha256:551f6fc83ea457d62a0d98237cbad105af8d557003051f41f3e7ca7b3f2470eb"
url = "https://github.com/gitleaks/gitleaks/releases/download/v8.30.1/gitleaks_8.30.1_linux_x64.tar.gz"
url_api = "https://api.github.com/repos/gitleaks/gitleaks/releases/assets/378332058"

[[tools.gitui]]
version = "0.28.1"
backend = "aqua:gitui-org/gitui"
specifiers = ["0.28.1"]

[tools.gitui."platforms.linux-x64"]
checksum = "sha256:f6149b9ae203397158b0c89c13cfde718e7121d3d3cd2ebc597f93d6628d9b5b"
url = "https://github.com/gitui-org/gitui/releases/download/v0.28.1/gitui-linux-x86_64.tar.gz"
url_api = "https://api.github.com/repos/gitui-org/gitui/releases/assets/380787855"

[[tools.glow]]
version = "3.0.0"
backend = "aqua:charmbracelet/glow"
specifiers = ["3.0.0"]

[tools.glow."platforms.linux-x64"]
checksum = "sha256:13e05e4b2acc18d2aee44291aefe6325b077ec321b631a0cfa780e8e3bc33f78"
url = "https://github.com/charmbracelet/glow/releases/download/v3.0.0/glow_3.0.0_Linux_x86_64.tar.gz"
url_api = "https://api.github.com/repos/charmbracelet/glow/releases/assets/510466923"
provenance = "cosign"

[[tools.gopass]]
version = "1.17.3"
backend = "aqua:gopasspw/gopass"
specifiers = ["1.17.3"]

[tools.gopass."platforms.linux-x64"]
checksum = "sha256:a9646cdd28a2a9e5503407f10823df6761e036e04657a488ab6160c67fa1e1c8"
url = "https://github.com/gopasspw/gopass/releases/download/v1.17.3/gopass-1.17.3-linux-amd64.tar.gz"
url_api = "https://api.github.com/repos/gopasspw/gopass/releases/assets/581984090"
provenance = "cosign"

[[tools.grex]]
version = "1.4.6"
backend = "aqua:pemistahl/grex"
specifiers = ["1.4.6"]

[tools.grex."platforms.linux-x64"]
checksum = "sha256:8f02f4ebe72d9e3098c646b77f7bc53ec8a8c1fb51ed042db06b739d08e56af8"
url = "https://github.com/pemistahl/grex/releases/download/v1.4.6/grex-v1.4.6-x86_64-unknown-linux-musl.tar.gz"
url_api = "https://api.github.com/repos/pemistahl/grex/releases/assets/316379863"

[[tools.gum]]
version = "2.0.2"
backend = "aqua:charmbracelet/gum"
specifiers = ["2.0.2"]

[tools.gum."platforms.linux-x64"]
checksum = "sha256:d842e06d93dbed90af48cb8dd10698db6f22e331fc40346bb37bbc753109edc2"
url = "https://github.com/charmbracelet/gum/releases/download/v2.0.2/gum_2.0.2_Linux_x86_64.tar.gz"
url_api = "https://api.github.com/repos/charmbracelet/gum/releases/assets/585508723"
provenance = "cosign"

[[tools.herdr]]
version = "0.9.3"
backend = "aqua:herdrdev/herdr"
specifiers = ["0.9.3"]

[tools.herdr."platforms.linux-x64"]
checksum = "sha256:18a8dc65f1c2fa485884344356dea1cfd911c6f06cf46fa78e193f4087f4dba7"
url = "https://github.com/herdrdev/herdr/releases/download/v0.9.3/herdr-linux-x86_64"
url_api = "https://api.github.com/repos/herdrdev/herdr/releases/assets/599036383"

[[tools.hexyl]]
version = "0.17.0"
backend = "aqua:sharkdp/hexyl"
specifiers = ["0.17.0"]

[tools.hexyl."platforms.linux-x64"]
checksum = "sha256:71b7463b8716225b4248525066e24b1874e954e87f397096f53e8804e3360189"
url = "https://github.com/sharkdp/hexyl/releases/download/v0.17.0/hexyl-v0.17.0-x86_64-unknown-linux-gnu.tar.gz"
url_api = "https://api.github.com/repos/sharkdp/hexyl/releases/assets/355844402"

[[tools."http:cht.sh"]]
version = "0"
backend = "http:cht.sh"
specifiers = ["0"]

[tools."http:cht.sh"."platforms.linux-x64"]
checksum = "blake3:53f18c19b18a81e8327cf8a9eee5553e1d535c6b66430cd73b0f479c44ef1d10"
url = "https://cht.sh/:cht.sh"

[[tools."http:nb"]]
version = "7.25.5"
backend = "http:nb"
specifiers = ["7.25.5"]

[tools."http:nb"."platforms.linux-x64"]
checksum = "blake3:c7d68395650f77209fd5e0a34226370243082d748fc492626278d3c2578a5c7b"
url = "https://raw.githubusercontent.com/xwmx/nb/7.25.5/nb"

[[tools."http:ncdu"]]
version = "2.9.1"
backend = "http:ncdu"
specifiers = ["2.9.1"]

[tools."http:ncdu"."platforms.linux-x64"]
checksum = "blake3:8a33bf4ee11eb471ebe18ee66f77f84b0d1eba4edb95adcd3dd657386af7edb9"
url = "https://dev.yorhel.nl/download/ncdu-2.9.1-linux-x86_64.tar.gz"

[[tools."http:ssh-copy-id"]]
version = "10.5p1"
backend = "http:ssh-copy-id"
specifiers = ["10.5p1"]

[tools."http:ssh-copy-id"."platforms.linux-x64"]
checksum = "blake3:23103854f3e177f46ae4f552984e5fd8473efcd551bb3992f4486681e737e9ec"
url = "https://raw.githubusercontent.com/openssh/openssh-portable/V_10_5_P1/contrib/ssh-copy-id"

[[tools."http:sysz"]]
version = "1.4.3"
backend = "http:sysz"
specifiers = ["1.4.3"]

[tools."http:sysz"."platforms.linux-x64"]
checksum = "blake3:a608d8ca6863c74eb1d32a57886e7c459313fed80c8473abce1dccf42a408842"
url = "https://raw.githubusercontent.com/joehillen/sysz/1.4.3/sysz"

[[tools.hyperfine]]
version = "1.20.0"
backend = "aqua:sharkdp/hyperfine"
specifiers = ["1.20.0"]

[tools.hyperfine."platforms.linux-x64"]
checksum = "sha256:63ad53934062118f5b0be11785e0bb1603d4b91667d1921f2fd8df9a8712040a"
url = "https://github.com/sharkdp/hyperfine/releases/download/v1.20.0/hyperfine-v1.20.0-x86_64-unknown-linux-gnu.tar.gz"
url_api = "https://api.github.com/repos/sharkdp/hyperfine/releases/assets/317831911"

[[tools.jj]]
version = "0.45.1"
backend = "aqua:jj-vcs/jj"
specifiers = ["0.45.1"]

[tools.jj."platforms.linux-x64"]
checksum = "sha256:f35438350b5d61963aac5dd74ede510b31d6b9690769d1a6268cf058cc825f72"
url = "https://github.com/jj-vcs/jj/releases/download/v0.45.1/jj-v0.45.1-x86_64-unknown-linux-musl.tar.gz"
url_api = "https://api.github.com/repos/jj-vcs/jj/releases/assets/543032052"

[[tools.k9s]]
version = "0.51.0"
backend = "aqua:derailed/k9s"
specifiers = ["0.51.0"]

[tools.k9s."platforms.linux-x64"]
checksum = "sha256:c3752ad51a5a4015a113819c4eeb6e55a4d0e4b8e652494797532f6fc8161dd7"
url = "https://github.com/derailed/k9s/releases/download/v0.51.0/k9s_Linux_amd64.tar.gz"
url_api = "https://api.github.com/repos/derailed/k9s/releases/assets/440224321"

[[tools.lazydocker]]
version = "0.25.2"
backend = "aqua:jesseduffield/lazydocker"
specifiers = ["0.25.2"]

[tools.lazydocker."platforms.linux-x64"]
checksum = "sha256:0d9dbfc26068b218e7ed84b104748cadc6e3cf733c0afd35465306fb39b9523c"
url = "https://github.com/jesseduffield/lazydocker/releases/download/v0.25.2/lazydocker_0.25.2_Linux_x86_64.tar.gz"
url_api = "https://api.github.com/repos/jesseduffield/lazydocker/releases/assets/399711577"

[[tools.lazygit]]
version = "0.65.1"
backend = "aqua:jesseduffield/lazygit"
specifiers = ["0.65.1"]

[tools.lazygit."platforms.linux-x64"]
checksum = "sha256:02beacbcda0fa342e50ae3480ba8147307353af3fb28e1d5f790e02329c201a6"
url = "https://github.com/jesseduffield/lazygit/releases/download/v0.65.1/lazygit_0.65.1_linux_x86_64.tar.gz"
url_api = "https://api.github.com/repos/jesseduffield/lazygit/releases/assets/560658266"

[[tools.lazyjournal]]
version = "0.8.6"
backend = "aqua:Lifailon/lazyjournal"
specifiers = ["0.8.6"]

[tools.lazyjournal."platforms.linux-x64"]
checksum = "sha256:c264bbcb6b30fa6418bbfce2087d0e1ecdc7ad17421772c0f002e4cbf8cf4bd7"
url = "https://github.com/Lifailon/lazyjournal/releases/download/0.8.6/lazyjournal-0.8.6-linux-amd64"
url_api = "https://api.github.com/repos/Lifailon/lazyjournal/releases/assets/374974897"

[[tools.lnav]]
version = "0.14.1"
backend = "aqua:tstack/lnav"
specifiers = ["0.14.1"]

[tools.lnav."platforms.linux-x64"]
checksum = "sha256:ec1750f0a6962eed6bb85ad4249457894f190e961277c56d69c47eecce9e705e"
url = "https://github.com/tstack/lnav/releases/download/v0.14.1/lnav-0.14.1-linux-musl-x86_64.zip"
url_api = "https://api.github.com/repos/tstack/lnav/releases/assets/545340959"

[[tools.marksman]]
version = "2026-02-08"
backend = "aqua:artempyanykh/marksman"
specifiers = ["2026-02-08"]

[tools.marksman."platforms.linux-x64"]
checksum = "sha256:be5098e8213219269c47fc0d916a66fa31ce0602ec967475c722260aabf26087"
url = "https://github.com/artempyanykh/marksman/releases/download/2026-02-08/marksman-linux-x64"
url_api = "https://api.github.com/repos/artempyanykh/marksman/releases/assets/352747902"

[[tools.micro]]
version = "2.0.15"
backend = "aqua:micro-editor/micro"
specifiers = ["2.0.15"]

[tools.micro."platforms.linux-x64"]
checksum = "sha256:267d238eac1e26ed053d13d4d48bd421b87f9eb538b604f0b2f74a85598b6cc2"
url = "https://github.com/micro-editor/micro/releases/download/v2.0.15/micro-2.0.15-linux64-static.tar.gz"
url_api = "https://api.github.com/repos/micro-editor/micro/releases/assets/334842982"

[[tools.miller]]
version = "6.22.0"
backend = "aqua:johnkerl/miller"
specifiers = ["6.22.0"]

[tools.miller."platforms.linux-x64"]
checksum = "sha256:0551f8696e8f42dae1c67c782bbe04e0589e718268722fa98561e2566e4623b8"
url = "https://github.com/johnkerl/miller/releases/download/v6.22.0/miller-6.22.0-linux-amd64.tar.gz"
url_api = "https://api.github.com/repos/johnkerl/miller/releases/assets/589277832"

[[tools.miniserve]]
version = "0.35.0"
backend = "aqua:svenstaro/miniserve"
specifiers = ["0.35.0"]

[tools.miniserve."platforms.linux-x64"]
checksum = "sha256:3b43ec6cb8ef5d5cc72a216b2309ef77c90952fd2c3e3c6eb9010dec39f3a086"
url = "https://github.com/svenstaro/miniserve/releases/download/v0.35.0/miniserve-0.35.0-x86_64-unknown-linux-gnu"
url_api = "https://api.github.com/repos/svenstaro/miniserve/releases/assets/391553074"

[[tools.numbat]]
version = "1.24.0"
backend = "aqua:sharkdp/numbat"
specifiers = ["1.24.0"]

[tools.numbat."platforms.linux-x64"]
checksum = "sha256:ed45b8bce7b1b92d68ef8685ddeb17d5378749f34148d8ecc1384cdfeebc8620"
url = "https://github.com/sharkdp/numbat/releases/download/v1.24.0/numbat-v1.24.0-x86_64-unknown-linux-gnu.tar.gz"
url_api = "https://api.github.com/repos/sharkdp/numbat/releases/assets/526573044"

[[tools."pypi:asciinema"]]
version = "2.4.0"
backend = "pypi:asciinema"
specifiers = ["latest"]
uv = { path = "locks/mise.linux/pypi-asciinema/2.4.0", digest = "sha256:8dd3b374ec017080eb02a09bbf0f821a7ce4a7a17c5e29f6e20e7c4ffa1ea1a7" }

[[tools."pypi:glances"]]
version = "4.5.6"
backend = "pypi:glances"
specifiers = ["latest"]
uv = { path = "locks/mise.linux/pypi-glances/4.5.6", digest = "sha256:d899d58be30704d1ce172603fb70855fb42fc39577dacd63c3e8e2624a32d82d" }

[[tools."pypi:harlequin"]]
version = "2.14.0"
backend = "pypi:harlequin"
specifiers = ["latest"]
uv = { path = "locks/mise.linux/pypi-harlequin/2.14.0", digest = "sha256:45e3a3cb2b13902ff80ffb00e9620b3e547c6b50dce45db91eee7ad3335f313b" }

[[tools.rclone]]
version = "1.75.1"
backend = "aqua:rclone/rclone"
specifiers = ["1.75.1"]

[tools.rclone."platforms.linux-x64"]
checksum = "sha256:982b5aa772841168f8e380f139e9e787b2a105403e32b94da8676a0e1c0a13ab"
url = "https://github.com/rclone/rclone/releases/download/v1.75.1/rclone-v1.75.1-linux-amd64.zip"
url_api = "https://api.github.com/repos/rclone/rclone/releases/assets/544638482"

[[tools.rust-analyzer]]
version = "2026-10-05"
backend = "aqua:rust-lang/rust-analyzer"
specifiers = ["2026-10-05"]

[tools.rust-analyzer."platforms.linux-x64"]
checksum = "sha256:28070188df63b6f217768040781decc8db43bc9d29b126847acb365575b09bc9"
url = "https://github.com/rust-lang/rust-analyzer/releases/download/2026-10-05/rust-analyzer-x86_64-unknown-linux-gnu.gz"
url_api = "https://api.github.com/repos/rust-lang/rust-analyzer/releases/assets/611796683"

[[tools.shfmt]]
version = "3.14.1"
backend = "aqua:mvdan/sh"
specifiers = ["3.14.1"]

[tools.shfmt."platforms.linux-x64"]
checksum = "sha256:76e77641faa025814b77f153b29796b8e6fa2fca03e0c76a691608b86c7ea7bf"
url = "https://github.com/mvdan/sh/releases/download/v3.14.1/shfmt_v3.14.1_linux_amd64"
url_api = "https://api.github.com/repos/mvdan/sh/releases/assets/547320883"

[[tools.sops]]
version = "3.13.3"
backend = "aqua:getsops/sops"
specifiers = ["3.13.3"]

[tools.sops."platforms.linux-x64"]
checksum = "sha256:e5bec3346a873ae91d871550f3e698c1aad962aff462a080e40f25fde17fef6b"
url = "https://github.com/getsops/sops/releases/download/v3.13.3/sops-v3.13.3.linux.amd64"
url_api = "https://api.github.com/repos/getsops/sops/releases/assets/486808201"

[tools.sops."platforms.linux-x64".provenance.slsa]
url = "https://github.com/getsops/sops/releases/download/v3.13.3/sops-v3.13.3.intoto.jsonl"

[[tools.systemctl-tui]]
version = "0.8.0"
backend = "aqua:rgwood/systemctl-tui"
specifiers = ["0.8.0"]

[tools.systemctl-tui."platforms.linux-x64"]
checksum = "sha256:69e1236a9a5f742fa905338e252e883c8139253ed863aad28dde47446d0bb909"
url = "https://github.com/rgwood/systemctl-tui/releases/download/v0.8.0/systemctl-tui-x86_64-unknown-linux-musl.tar.gz"
url_api = "https://api.github.com/repos/rgwood/systemctl-tui/releases/assets/492064779"

[[tools.taplo]]
version = "0.10.0"
backend = "aqua:tamasfe/taplo"
specifiers = ["0.10.0"]

[tools.taplo."platforms.linux-x64"]
checksum = "blake3:4871fab0e60275a1eb46e7190726e144f56c9a9527f59b0d1da5a042baead8e2"
url = "https://github.com/tamasfe/taplo/releases/download/0.10.0/taplo-linux-x86_64.gz"
url_api = "https://api.github.com/repos/tamasfe/taplo/releases/assets/257322600"

[[tools.witr]]
version = "0.3.4"
backend = "aqua:pranshuparmar/witr"
specifiers = ["0.3.4"]

[tools.witr."platforms.linux-x64"]
checksum = "sha256:d99098c61002f9b8a5337977d527dbe8ee29453f2a62c531038ea2749ea738eb"
url = "https://github.com/pranshuparmar/witr/releases/download/v0.3.4/witr-linux-amd64"
url_api = "https://api.github.com/repos/pranshuparmar/witr/releases/assets/610282199"

[[tools.xh]]
version = "0.26.2"
backend = "aqua:ducaale/xh"
specifiers = ["0.26.2"]

[tools.xh."platforms.linux-x64"]
checksum = "sha256:8c53b6a23435754f9e2ea8ab8c0d0296a1921404b88132cf9b364ff6e8c22a6e"
url = "https://github.com/ducaale/xh/releases/download/v0.26.2/xh-v0.26.2-x86_64-unknown-linux-musl.tar.gz"
url_api = "https://api.github.com/repos/ducaale/xh/releases/assets/490410371"

[[tools.yq]]
version = "4.54.1"
backend = "aqua:mikefarah/yq"
specifiers = ["4.54.1"]

[tools.yq."platforms.linux-x64"]
checksum = "sha256:8e34fc298390875de416e6a4afcb8cabeceb25d9aa8506c1a2f9353cf702ea5f"
url = "https://github.com/mikefarah/yq/releases/download/v4.54.1/yq_linux_amd64"
url_api = "https://api.github.com/repos/mikefarah/yq/releases/assets/597222595"
provenance = "cosign"

[[tools.zellij]]
version = "0.45.1"
backend = "aqua:zellij-org/zellij"
specifiers = ["0.45.1"]

[tools.zellij."platforms.linux-x64"]
checksum = "sha256:40bcc2e03f5d5ae8e054e39f676081fe12ab70871506996ba595834c3718eefc"
url = "https://github.com/zellij-org/zellij/releases/download/v0.45.1/zellij-x86_64-unknown-linux-musl.tar.gz"
url_api = "https://api.github.com/repos/zellij-org/zellij/releases/assets/533538763"
