lockfileVersion: '9.0'

settings:
  autoInstallPeers: true
  excludeLinksFromLockfile: false

importers:

  .:
    dependencies:
      oh-my-mermaid:
        specifier: 0.2.0
        version: 0.2.0

packages:

  oh-my-mermaid@0.2.0:
    resolution: {integrity: sha512-bpovJ7pLptTBFaYqPO5koTvcT2AsV/CgQDczl9KxXIt/pSsylZGe0fuKLX26RodlwFHgQyWoZyp6oFBqNqHS6Q==}
    engines: {node: '>=18'}
    hasBin: true

  yaml@2.9.1:
    resolution: {integrity: sha512-3NxN8+78OdzbT7C/WjGsyfPAtJaN3FNDsWxv7Y7mcDsT/oOmgW8BpyQQFFBnvZE3j9Y2Sdz1ULFLezL7Eb2yFw==}
    engines: {node: '>= 14.6'}
    hasBin: true

snapshots:

  oh-my-mermaid@0.2.0:
    dependencies:
      yaml: 2.9.1

  yaml@2.9.1: {}
