lockfileVersion: '9.0'

settings:
  autoInstallPeers: true
  excludeLinksFromLockfile: false

importers:

  .:
    dependencies:
      '@nanonets/graft':
        specifier: 0.21.1
        version: 0.21.1

packages:

  '@anthropic-ai/sdk@0.117.1':
    resolution: {integrity: sha512-Yn2QlXfyCiKJ5YGCOOay7ZE78ISvII2XY621WMCiflmG8IYgwx59IBwPExxki3Xk9jKUtnD/Sj6UvplWr0rZxg==}
    hasBin: true
    peerDependencies:
      zod: ^3.25.0 || ^4.0.0
    peerDependenciesMeta:
      zod:
        optional: true

  '@babel/runtime@7.29.10':
    resolution: {integrity: sha512-NpugTzbKgGrNe45Ui32cN8vCFFMxVtP/9rtfwv0nP5FRDAjvYBxJcLVpYA9mr1jxP6cnIT7x9LUzuDTbWYYNRA==}
    engines: {node: '>=6.9.0'}

  '@nanonets/graft@0.21.1':
    resolution: {integrity: sha512-0CSgoGx+FyzgCkFDhM94pvPnYaTU9jL19BixqMmZ0eyQK618GINPHhQ5Xtto7LcHdNiBGl5RFQcwJob6Mxq4nA==}
    engines: {node: '>=20'}
    hasBin: true

  '@stablelib/base64@1.0.1':
    resolution: {integrity: sha512-1bnPQqSxSuc3Ii6MhBysoWCg58j97aUjuCSZrGSmDxNqtytIi0k8utUenAwTZN4V5mXXYGsVUI9zeBqy+jBOSQ==}

  argparse@1.0.10:
    resolution: {integrity: sha512-o5Roy6tNG4SL/FOkCAN6RzjiakZS25RLYFrcMttJqbdd8BWrnA+fGz57iN5Pb06pvBGvl5gQ0B48dJlslXvoTg==}

  commander@15.0.0:
    resolution: {integrity: sha512-z67u4ZhzCL/Tydu1lJARtEZYWbWaN7oYLHbsuzocr6y4N6WZAagG3RQ4FW61V1/0+jImpj293XfrcYnd1qxtPg==}
    engines: {node: '>=22.12.0'}

  dotenv@17.4.2:
    resolution: {integrity: sha512-nI4U3TottKAcAD9LLud4Cb7b2QztQMUEfHbvhTH09bqXTxnSie8WnjPALV/WMCrJZ6UV/qHJ6L03OqO3LcdYZw==}
    engines: {node: '>=12'}

  esprima@4.0.1:
    resolution: {integrity: sha512-eGuFFw7Upda+g4p+QHvnW0RyTX/SVeJBDM/gCtMARO0cLuT2HcEKnTPvhjV6aGeqrCB/sbNop0Kszm0jsaWU4A==}
    engines: {node: '>=4'}
    hasBin: true

  extend-shallow@2.0.1:
    resolution: {integrity: sha512-zCnTtlxNoAiDc3gqY2aYAWFx7XWWiasuF2K8Me5WbN8otHKTUKBwjPtNpRs/rbUZm7KxWAaNj7P1a/p52GbVug==}
    engines: {node: '>=0.10.0'}

  fast-sha256@1.3.0:
    resolution: {integrity: sha512-n11RGP/lrWEFI/bWdygLxhI+pVeo1ZYIVwvvPkW7azl/rOy+F3HYRZ2K5zeE9mmkhQppyv9sQFx0JM9UabnpPQ==}

  gray-matter@4.0.3:
    resolution: {integrity: sha512-5v6yZd4JK3eMI3FqqCouswVqwugaA9r4dNZB1wwcmrD02QkV5H0y7XBQW8QwQqEaZY1pM9aqORSORhJRdNK44Q==}
    engines: {node: '>=6.0'}

  is-extendable@0.1.1:
    resolution: {integrity: sha512-5BMULNob1vgFX6EjQw5izWDxrecWK9AM72rugNr0TFldMOi0fj6Jk+zeKIt0xGj4cEfQIJth4w3OKWOJ4f+AFw==}
    engines: {node: '>=0.10.0'}

  isexe@2.0.0:
    resolution: {integrity: sha512-RHxMLp9lnKHGHRng9QFhRCMbYAcVpn69smSGcq3f36xjgVVWThj4qqLbTLlq7Ssj8B+fIQ1EuCEGI2lKsyQeIw==}

  js-yaml@3.15.2:
    resolution: {integrity: sha512-6EuL879VkRA+1Cz578mKMiKvjPNEuk6+r1JaFzoSWejZmtf7xWbIyw1e3KkxlkzTIt9Taw6JBhEppG7utc1P+w==}
    hasBin: true

  json-schema-to-ts@3.1.1:
    resolution: {integrity: sha512-+DWg8jCJG2TEnpy7kOm/7/AxaYoaRbjVB4LFZLySZlWn8exGs3A4OLJR966cVvU26N7X9TWxl+Jsw7dzAqKT6g==}
    engines: {node: '>=16'}

  kind-of@6.0.3:
    resolution: {integrity: sha512-dcS1ul+9tmeD95T+x28/ehLgd9mENa3LsvDTtzm3vyBEO7RPptvAD+t44WVXaUjTBRcrpFeFlC8WCruUR456hw==}
    engines: {node: '>=0.10.0'}

  node-addon-api@7.1.1:
    resolution: {integrity: sha512-5m3bsyrjFWE1xf7nz7YXdN4udnVtXK6/Yfgn5qnahL6bCkf2yKt4k3nuTKAtT4r3IG8JNR2ncsIMdZuAzJjHQQ==}

  node-addon-api@8.9.2:
    resolution: {integrity: sha512-VijLXbi3UACN69I0JVXJsX4tjACjNoQDgv2gTF6sx2wWEi8tkSg2eX8p5gSIFi8z2+DL3oHmY6OyKce38SDolg==}
    engines: {node: ^18 || ^20 || >= 21}

  node-gyp-build@4.8.4:
    resolution: {integrity: sha512-LA4ZjwlnUblHVgq0oBF3Jl/6h/Nvs5fzBLwdEF4nuxnFdsfajde4WfxtJr3CaiH+F6ewcIB/q4jQ4UzPyid+CQ==}
    hasBin: true

  openai@6.49.0:
    resolution: {integrity: sha512-aYCc0C6L864eR6WSYIwQGyXriw/nIyZx0ObvhzOEVuk0zoBDpynjSbrionWI7q65B5H8jJX0DXR9snEzM6bfPg==}
    peerDependencies:
      '@aws-sdk/credential-provider-node': '>=3.972.0 <4'
      '@smithy/hash-node': '>=4.3.0 <5'
      '@smithy/signature-v4': '>=5.4.0 <6'
      ws: ^8.18.0
      zod: ^3.25 || ^4.0
    peerDependenciesMeta:
      '@aws-sdk/credential-provider-node':
        optional: true
      '@smithy/hash-node':
        optional: true
      '@smithy/signature-v4':
        optional: true
      ws:
        optional: true
      zod:
        optional: true

  section-matter@1.0.0:
    resolution: {integrity: sha512-vfD3pmTzGpufjScBh50YHKzEu2lxBWhVEHsNGoEXmCmn2hKGfeNLYMzCJpe8cD7gqX7TJluOVpBkAequ6dgMmA==}
    engines: {node: '>=4'}

  sprintf-js@1.0.3:
    resolution: {integrity: sha512-D9cPgkvLlV3t3IzL0D0YLvGA9Ahk4PcvVwUbN0dSGr1aP0Nrt4AEnTUbuGvquEC0mA64Gqt1fzirlRs5ibXx8g==}

  standardwebhooks@1.1.1:
    resolution: {integrity: sha512-bCbX9ZEyFkWPsRz7Bl3NuQUJohmwGSev/yhr7vhaGPlc4AfIrspIRa6cPTBuI1ItmrTDJ4d/S2hCsfe4+vQGnQ==}

  strip-bom-string@1.0.0:
    resolution: {integrity: sha512-uCC2VHvQRYu+lMh4My/sFNmF2klFymLX1wHJeXnbEJERpV/ZsVuonzerjfrGpIGF7LBVa1O7i9kjiWvJiFck8g==}
    engines: {node: '>=0.10.0'}

  tree-sitter-cli@0.23.2:
    resolution: {integrity: sha512-kPPXprOqREX+C/FgUp2Qpt9jd0vSwn+hOgjzVv/7hapdoWpa+VeWId53rf4oNNd29ikheF12BYtGD/W90feMbA==}
    engines: {node: '>=12.0.0'}
    hasBin: true

  tree-sitter-go@0.23.4:
    resolution: {integrity: sha512-iQaHEs4yMa/hMo/ZCGqLfG61F0miinULU1fFh+GZreCRtKylFLtvn798ocCZjO2r/ungNZgAY1s1hPFyAwkc7w==}
    peerDependencies:
      tree-sitter: ^0.21.1
    peerDependenciesMeta:
      tree-sitter:
        optional: true

  tree-sitter-java@0.23.5:
    resolution: {integrity: sha512-Yju7oQ0Xx7GcUT01mUglPP+bYfvqjNCGdxqigTnew9nLGoII42PNVP3bHrYeMxswiCRM0yubWmN5qk+zsg0zMA==}
    peerDependencies:
      tree-sitter: ^0.21.1
    peerDependenciesMeta:
      tree-sitter:
        optional: true

  tree-sitter-javascript@0.23.1:
    resolution: {integrity: sha512-/bnhbrTD9frUYHQTiYnPcxyHORIw157ERBa6dqzaKxvR/x3PC4Yzd+D1pZIMS6zNg2v3a8BZ0oK7jHqsQo9fWA==}
    peerDependencies:
      tree-sitter: ^0.21.1
    peerDependenciesMeta:
      tree-sitter:
        optional: true

  tree-sitter-kotlin@0.3.8:
    resolution: {integrity: sha512-A4obq6bjzmYrA+F0JLLoheFPcofFkctNaZSpnDd+GPn1SfVZLY4/GG4C0cYVBTOShuPBGGAOPLM1JWLZQV4m1g==}
    peerDependencies:
      tree-sitter: ^0.21.0
      tree_sitter: '*'
    peerDependenciesMeta:
      tree_sitter:
        optional: true

  tree-sitter-php@0.23.12:
    resolution: {integrity: sha512-VwkBVOahhC2NYXK/Fuqq30NxuL/6c2hmbxEF4jrB7AyR5rLc7nT27mzF3qoi+pqx9Gy2AbXnGezF7h4MeM6YRA==}
    peerDependencies:
      tree-sitter: ^0.21.1
    peerDependenciesMeta:
      tree-sitter:
        optional: true

  tree-sitter-python@0.21.0:
    resolution: {integrity: sha512-IUKx7JcTVbByUx1iHGFS/QsIjx7pqwTMHL9bl/NGyhyyydbfNrpruo2C7W6V4KZrbkkCOlX8QVrCoGOFW5qecg==}
    peerDependencies:
      tree-sitter: ^0.21.0
      tree_sitter: '*'
    peerDependenciesMeta:
      tree_sitter:
        optional: true

  tree-sitter-r@1.3.0:
    resolution: {integrity: sha512-IwQyWDNgWtTguaEaxKLOD4wuAfbbfpRdVIpMrEvErTQl6VaPGWwCDEJ3O3RpjwDG6pCDmiOQj88xnwb5j/M9fA==}
    peerDependencies:
      tree-sitter: ^0.21.1
    peerDependenciesMeta:
      tree-sitter:
        optional: true
    aliasOf: '@davisvaughan/tree-sitter-r'

  tree-sitter-swift@0.7.1:
    resolution: {integrity: sha512-pneKVTuGamaBsqqqfB9BvNQjktzh/0IVPR54jLB5Fq/JTDQwYHd0Wo6pVyZ5jAYpbztzq+rJ/rpL9ruxTmSoKw==}
    peerDependencies:
      tree-sitter: ^0.22.1
      tree_sitter: '*'
    peerDependenciesMeta:
      tree_sitter:
        optional: true

  tree-sitter-typescript@0.23.2:
    resolution: {integrity: sha512-e04JUUKxTT53/x3Uq1zIL45DoYKVfHH4CZqwgZhPg5qYROl5nQjV+85ruFzFGZxu+QeFVbRTPDRnqL9UbU4VeA==}
    peerDependencies:
      tree-sitter: ^0.21.0
    peerDependenciesMeta:
      tree-sitter:
        optional: true

  tree-sitter-wasm@1.1.8:
    resolution: {integrity: sha512-TZ6rZ+8L+cnsc0hXtc+AfzNd7b1CDroBKSgSIF29sJdl/Odaxmx+mZEj2pW0rswKIyWHrA/ioNqZ9RixTSCGwA==}

  tree-sitter@0.21.1:
    resolution: {integrity: sha512-7dxoA6kYvtgWw80265MyqJlkRl4yawIjO7S5MigytjELkX43fV2WsAXzsNfO7sBpPPCF5Gp0+XzHk0DwLCq3xQ==}

  tree-sitter@0.22.4:
    resolution: {integrity: sha512-usbHZP9/oxNsUY65MQUsduGRqDHQOou1cagUSwjhoSYAmSahjQDAVsh9s+SlZkn8X8+O1FULRGwHu7AFP3kjzg==}

  ts-algebra@2.0.0:
    resolution: {integrity: sha512-FPAhNPFMrkwz76P7cdjdmiShwMynZYN6SgOujD1urY4oNm80Ou9oMdmbR45LotcKOXoy7wSmHkRFE6Mxbrhefw==}

  vscode-jsonrpc@8.2.1:
    resolution: {integrity: sha512-kdjOSJ2lLIn7r1rtrMbbNCHjyMPfRnowdKjBQ+mGq6NAW5QY2bEZC/khaC5OR8svbbjvLEaIXkOq45e2X9BIbQ==}
    engines: {node: '>=14.0.0'}

  vscode-jsonrpc@9.0.3:
    resolution: {integrity: sha512-qETYf9PCl1lVfwR+oBmMfc4vP2nqLNA35ABxorw3j06+xlKRgDVxbLgKm4Y/xPL0YWdeDjLoI4ImICIT3nB0zQ==}
    engines: {node: '>=14.0.0'}

  vscode-languageserver-protocol@3.18.4:
    resolution: {integrity: sha512-CCXbyr99dafRJzJH/0Ryk7ly5T8XPmSR0//OuF2w4m+9JiOin7zcAT5iET8GRE7Z9taFBejb3GbM0a0mbjdbrg==}

  vscode-languageserver-types@3.18.4:
    resolution: {integrity: sha512-nQsacoiijvl0fRf2q28uFDrAVwRhdCa3QveiF7/CX0r18mLR5FU/1WskSsCKOjmEbtteKUnY8x8Yzxop+k0zwg==}

  web-tree-sitter@0.26.13:
    resolution: {integrity: sha512-5bUZ7vbQ1kcondet96wzP974+JfCZDeQ7bTpacICm2nnvHpa5cO0ByRsoMcAhUP+743vpkb4m0BFlVSm+Ye9VA==}

  which@2.0.2:
    resolution: {integrity: sha512-BLI3Tl1TW3Pvl70l3yq3Y64i+awpwXqsGBYWkkqMtnbXgrMD+yj7rhW0kuEDxzJaYXGjEW5ogapKNMEKNMjibA==}
    engines: {node: '>= 8'}
    hasBin: true

snapshots:

  '@anthropic-ai/sdk@0.117.1':
    dependencies:
      json-schema-to-ts: 3.1.1
      standardwebhooks: 1.1.1

  '@babel/runtime@7.29.10': {}

  '@nanonets/graft@0.21.1':
    dependencies:
      '@anthropic-ai/sdk': 0.117.1
      commander: 15.0.0
      dotenv: 17.4.2
      gray-matter: 4.0.3
      openai: 6.49.0
      tree-sitter: 0.21.1
      tree-sitter-go: 0.23.4(tree-sitter@0.21.1)
      tree-sitter-java: 0.23.5(tree-sitter@0.21.1)
      tree-sitter-kotlin: 0.3.8(tree-sitter@0.21.1)
      tree-sitter-php: 0.23.12(tree-sitter@0.21.1)
      tree-sitter-python: 0.21.0(tree-sitter@0.21.1)
      tree-sitter-r: 1.3.0(tree-sitter@0.21.1)
      tree-sitter-swift: 0.7.1(tree-sitter@0.22.4)
      tree-sitter-typescript: 0.23.2(tree-sitter@0.21.1)
      tree-sitter-wasm: 1.1.8
      vscode-jsonrpc: 8.2.1
      vscode-languageserver-protocol: 3.18.4
      web-tree-sitter: 0.26.13
    transitivePeerDependencies:
      - '@aws-sdk/credential-provider-node'
      - '@smithy/hash-node'
      - '@smithy/signature-v4'
      - tree_sitter
      - ws
      - zod

  '@stablelib/base64@1.0.1': {}

  argparse@1.0.10:
    dependencies:
      sprintf-js: 1.0.3

  commander@15.0.0: {}

  dotenv@17.4.2: {}

  esprima@4.0.1: {}

  extend-shallow@2.0.1:
    dependencies:
      is-extendable: 0.1.1

  fast-sha256@1.3.0: {}

  gray-matter@4.0.3:
    dependencies:
      js-yaml: 3.15.2
      kind-of: 6.0.3
      section-matter: 1.0.0
      strip-bom-string: 1.0.0

  is-extendable@0.1.1: {}

  isexe@2.0.0: {}

  js-yaml@3.15.2:
    dependencies:
      argparse: 1.0.10
      esprima: 4.0.1

  json-schema-to-ts@3.1.1:
    dependencies:
      '@babel/runtime': 7.29.10
      ts-algebra: 2.0.0

  kind-of@6.0.3: {}

  node-addon-api@7.1.1: {}

  node-addon-api@8.9.2: {}

  node-gyp-build@4.8.4: {}

  openai@6.49.0: {}

  section-matter@1.0.0:
    dependencies:
      extend-shallow: 2.0.1
      kind-of: 6.0.3

  sprintf-js@1.0.3: {}

  standardwebhooks@1.1.1:
    dependencies:
      '@stablelib/base64': 1.0.1
      fast-sha256: 1.3.0

  strip-bom-string@1.0.0: {}

  tree-sitter-cli@0.23.2: {}

  tree-sitter-go@0.23.4(tree-sitter@0.21.1):
    dependencies:
      node-addon-api: 8.9.2
      node-gyp-build: 4.8.4
      tree-sitter: 0.21.1

  tree-sitter-java@0.23.5(tree-sitter@0.21.1):
    dependencies:
      node-addon-api: 8.9.2
      node-gyp-build: 4.8.4
      tree-sitter: 0.21.1

  tree-sitter-javascript@0.23.1(tree-sitter@0.21.1):
    dependencies:
      node-addon-api: 8.9.2
      node-gyp-build: 4.8.4
      tree-sitter: 0.21.1

  tree-sitter-kotlin@0.3.8(tree-sitter@0.21.1):
    dependencies:
      node-addon-api: 7.1.1
      node-gyp-build: 4.8.4
      tree-sitter: 0.21.1

  tree-sitter-php@0.23.12(tree-sitter@0.21.1):
    dependencies:
      node-addon-api: 8.9.2
      node-gyp-build: 4.8.4
      tree-sitter: 0.21.1

  tree-sitter-python@0.21.0(tree-sitter@0.21.1):
    dependencies:
      node-addon-api: 7.1.1
      node-gyp-build: 4.8.4
      tree-sitter: 0.21.1

  tree-sitter-r@1.3.0(tree-sitter@0.21.1):
    dependencies:
      node-addon-api: 8.9.2
      node-gyp-build: 4.8.4
      tree-sitter: 0.21.1

  tree-sitter-swift@0.7.1(tree-sitter@0.22.4):
    dependencies:
      node-addon-api: 8.9.2
      node-gyp-build: 4.8.4
      tree-sitter: 0.22.4
      tree-sitter-cli: 0.23.2
      which: 2.0.2

  tree-sitter-typescript@0.23.2(tree-sitter@0.21.1):
    dependencies:
      node-addon-api: 8.9.2
      node-gyp-build: 4.8.4
      tree-sitter: 0.21.1
      tree-sitter-javascript: 0.23.1(tree-sitter@0.21.1)

  tree-sitter-wasm@1.1.8: {}

  tree-sitter@0.21.1:
    dependencies:
      node-addon-api: 8.9.2
      node-gyp-build: 4.8.4

  tree-sitter@0.22.4:
    dependencies:
      node-addon-api: 8.9.2
      node-gyp-build: 4.8.4

  ts-algebra@2.0.0: {}

  vscode-jsonrpc@8.2.1: {}

  vscode-jsonrpc@9.0.3: {}

  vscode-languageserver-protocol@3.18.4:
    dependencies:
      vscode-jsonrpc: 9.0.3
      vscode-languageserver-types: 3.18.4

  vscode-languageserver-types@3.18.4: {}

  web-tree-sitter@0.26.13: {}

  which@2.0.2:
    dependencies:
      isexe: 2.0.0
