lockfileVersion: '9.0'

settings:
  autoInstallPeers: true
  excludeLinksFromLockfile: false

importers:

  .:
    dependencies:
      ccstatusline:
        specifier: 2.2.27
        version: 2.2.27

packages:

  ccstatusline@2.2.27:
    resolution: {integrity: sha512-8SqNdSuIaMsrefn4dCrSlBEZ7kE8UZMMa8iy4iv4OMl1INnEtmqzCYMwo7/hzmNrOVC+esFSiCj+T0pUS9HrLQ==}
    engines: {node: '>=14.0.0'}
    hasBin: true

snapshots:

  ccstatusline@2.2.27: {}
